// !$*UTF8*$!
{
	archiveVersion = 1;
	classes = {
	};
	objectVersion = 46;
	objects = {

/* Begin PBXBuildFile section */
		B206D7511C819EEA00F66DE7 /* main.m in Sources */ = {isa = PBXBuildFile; fileRef = B206D7501C819EEA00F66DE7 /* main.m */; };
		B206D7541C819EEA00F66DE7 /* AppDelegate.m in Sources */ = {isa = PBXBuildFile; fileRef = B206D7531C819EEA00F66DE7 /* AppDelegate.m */; };
		B206D7571C819EEA00F66DE7 /* ViewController.m in Sources */ = {isa = PBXBuildFile; fileRef = B206D7561C819EEA00F66DE7 /* ViewController.m */; };
		B206D75A1C819EEA00F66DE7 /* Main.storyboard in Resources */ = {isa = PBXBuildFile; fileRef = B206D7581C819EEA00F66DE7 /* Main.storyboard */; };
		B206D75C1C819EEA00F66DE7 /* Assets.xcassets in Resources */ = {isa = PBXBuildFile; fileRef = B206D75B1C819EEA00F66DE7 /* Assets.xcassets */; };
		B206D75F1C819EEA00F66DE7 /* LaunchScreen.storyboard in Resources */ = {isa = PBXBuildFile; fileRef = B206D75D1C819EEA00F66DE7 /* LaunchScreen.storyboard */; };
		B206D76A1C819EEA00F66DE7 /* HdataBaseTests.m in Sources */ = {isa = PBXBuildFile; fileRef = B206D7691C819EEA00F66DE7 /* HdataBaseTests.m */; };
		B206D7751C819EEA00F66DE7 /* HdataBaseUITests.m in Sources */ = {isa = PBXBuildFile; fileRef = B206D7741C819EEA00F66DE7 /* HdataBaseUITests.m */; };
		B206D79B1C81ACC400F66DE7 /* libsqlite3.tbd in Frameworks */ = {isa = PBXBuildFile; fileRef = B206D79A1C81ACC400F66DE7 /* libsqlite3.tbd */; };
		CA38D22BB8FB7B2F32295E0E /* libPods.a in Frameworks */ = {isa = PBXBuildFile; fileRef = 5E2104D617ACF2DF7CEA93C3 /* libPods.a */; };
		DB2D65731EC2B57E00C330BE /* JoinOperation.m in Sources */ = {isa = PBXBuildFile; fileRef = DB2D65721EC2B57E00C330BE /* JoinOperation.m */; };
		DB2D65761EC2B5B000C330BE /* INNEROPeration.m in Sources */ = {isa = PBXBuildFile; fileRef = DB2D65751EC2B5B000C330BE /* INNEROPeration.m */; };
		DB2D65791EC2B5C400C330BE /* CROSSOperation.m in Sources */ = {isa = PBXBuildFile; fileRef = DB2D65781EC2B5C400C330BE /* CROSSOperation.m */; };
		DB2D657C1EC2B5EC00C330BE /* LeftOUTEROperation.m in Sources */ = {isa = PBXBuildFile; fileRef = DB2D657B1EC2B5EC00C330BE /* LeftOUTEROperation.m */; };
		DB2D657F1EC2BF3900C330BE /* PropertyCondition.m in Sources */ = {isa = PBXBuildFile; fileRef = DB2D657E1EC2BF3900C330BE /* PropertyCondition.m */; };
		DB3E45A61EB0E35E001C37AE /* DataBaseConnect.m in Sources */ = {isa = PBXBuildFile; fileRef = DB3E45771EB0E35E001C37AE /* DataBaseConnect.m */; };
		DB3E45A71EB0E35E001C37AE /* DBManager.m in Sources */ = {isa = PBXBuildFile; fileRef = DB3E45791EB0E35E001C37AE /* DBManager.m */; };
		DB3E45A81EB0E35E001C37AE /* IvarInfomation.m in Sources */ = {isa = PBXBuildFile; fileRef = DB3E457B1EB0E35E001C37AE /* IvarInfomation.m */; };
		DB3E45A91EB0E35E001C37AE /* NSObject+Base.m in Sources */ = {isa = PBXBuildFile; fileRef = DB3E457D1EB0E35E001C37AE /* NSObject+Base.m */; };
		DB3E45AA1EB0E35E001C37AE /* NSObject+SEL.m in Sources */ = {isa = PBXBuildFile; fileRef = DB3E457F1EB0E35E001C37AE /* NSObject+SEL.m */; };
		DB3E45AB1EB0E35E001C37AE /* DBBaseTarget.m in Sources */ = {isa = PBXBuildFile; fileRef = DB3E45831EB0E35E001C37AE /* DBBaseTarget.m */; };
		DB3E45AC1EB0E35E001C37AE /* ArrayProperty.m in Sources */ = {isa = PBXBuildFile; fileRef = DB3E45871EB0E35E001C37AE /* ArrayProperty.m */; };
		DB3E45AD1EB0E35E001C37AE /* ClassProperty.m in Sources */ = {isa = PBXBuildFile; fileRef = DB3E45891EB0E35E001C37AE /* ClassProperty.m */; };
		DB3E45AE1EB0E35E001C37AE /* DictionaryProperty.m in Sources */ = {isa = PBXBuildFile; fileRef = DB3E458B1EB0E35E001C37AE /* DictionaryProperty.m */; };
		DB3E45AF1EB0E35E001C37AE /* GeneralProperty.m in Sources */ = {isa = PBXBuildFile; fileRef = DB3E458E1EB0E35E001C37AE /* GeneralProperty.m */; };
		DB3E45B11EB0E35E001C37AE /* NumberProperty.m in Sources */ = {isa = PBXBuildFile; fileRef = DB3E45921EB0E35E001C37AE /* NumberProperty.m */; };
		DB3E45B21EB0E35E001C37AE /* Property.m in Sources */ = {isa = PBXBuildFile; fileRef = DB3E45941EB0E35E001C37AE /* Property.m */; };
		DB3E45B31EB0E35E001C37AE /* PropertyFactory.m in Sources */ = {isa = PBXBuildFile; fileRef = DB3E45961EB0E35E001C37AE /* PropertyFactory.m */; };
		DB3E45B41EB0E35E001C37AE /* SELProperty.m in Sources */ = {isa = PBXBuildFile; fileRef = DB3E45991EB0E35E001C37AE /* SELProperty.m */; };
		DB3E45B51EB0E35E001C37AE /* StructProperty.m in Sources */ = {isa = PBXBuildFile; fileRef = DB3E459B1EB0E35E001C37AE /* StructProperty.m */; };
		DB3E45B61EB0E35E001C37AE /* TargetProperty.m in Sources */ = {isa = PBXBuildFile; fileRef = DB3E459D1EB0E35E001C37AE /* TargetProperty.m */; };
		DB3E45B91EB0E396001C37AE /* Video.m in Sources */ = {isa = PBXBuildFile; fileRef = DB3E45B81EB0E396001C37AE /* Video.m */; };
		DB3E45BC1EB0E505001C37AE /* Author.m in Sources */ = {isa = PBXBuildFile; fileRef = DB3E45BB1EB0E505001C37AE /* Author.m */; };
		DB3E461B1EB1ED3C001C37AE /* ClassManager.m in Sources */ = {isa = PBXBuildFile; fileRef = DB3E461A1EB1ED3C001C37AE /* ClassManager.m */; };
		DB3E46231EB2D109001C37AE /* DBPlugBox.m in Sources */ = {isa = PBXBuildFile; fileRef = DB3E46221EB2D109001C37AE /* DBPlugBox.m */; };
		DB3E46261EB2D14F001C37AE /* DBPlug.m in Sources */ = {isa = PBXBuildFile; fileRef = DB3E46251EB2D14F001C37AE /* DBPlug.m */; };
		DBE955E01EB8194800844A27 /* Dog.m in Sources */ = {isa = PBXBuildFile; fileRef = DBE955DF1EB8194800844A27 /* Dog.m */; };
		DBE9562B1EB9665000844A27 /* DBOperation.m in Sources */ = {isa = PBXBuildFile; fileRef = DBE956171EB9665000844A27 /* DBOperation.m */; };
		DBE9562F1EB9665000844A27 /* PrepareStatus.m in Sources */ = {isa = PBXBuildFile; fileRef = DBE9561F1EB9665000844A27 /* PrepareStatus.m */; };
		DBE956301EB9665000844A27 /* CompareOperation.m in Sources */ = {isa = PBXBuildFile; fileRef = DBE956221EB9665000844A27 /* CompareOperation.m */; };
		DBE956311EB9665000844A27 /* LIKEOperation.m in Sources */ = {isa = PBXBuildFile; fileRef = DBE956241EB9665000844A27 /* LIKEOperation.m */; };
		DBE956321EB9665000844A27 /* PrerequisiteOperation.m in Sources */ = {isa = PBXBuildFile; fileRef = DBE956261EB9665000844A27 /* PrerequisiteOperation.m */; };
		DBE956331EB9665000844A27 /* ValueOperation.m in Sources */ = {isa = PBXBuildFile; fileRef = DBE956291EB9665000844A27 /* ValueOperation.m */; };
		DBE9563B1EB9669B00844A27 /* GROUPOperation.m in Sources */ = {isa = PBXBuildFile; fileRef = DBE956361EB9669B00844A27 /* GROUPOperation.m */; };
		DBE9563C1EB9669B00844A27 /* LimitOperation.m in Sources */ = {isa = PBXBuildFile; fileRef = DBE956381EB9669B00844A27 /* LimitOperation.m */; };
		DBE9563D1EB9669B00844A27 /* ORDEROperation.m in Sources */ = {isa = PBXBuildFile; fileRef = DBE9563A1EB9669B00844A27 /* ORDEROperation.m */; };
		DBE956401EB966CF00844A27 /* DISTINOTOperation.m in Sources */ = {isa = PBXBuildFile; fileRef = DBE9563F1EB966CF00844A27 /* DISTINOTOperation.m */; };
		DBE956431EB9671300844A27 /* GLOBOperation.m in Sources */ = {isa = PBXBuildFile; fileRef = DBE956421EB9671300844A27 /* GLOBOperation.m */; };
		DBE956461EB97A9B00844A27 /* AssistOperation.m in Sources */ = {isa = PBXBuildFile; fileRef = DBE956451EB97A9B00844A27 /* AssistOperation.m */; };
		DBE956491EB97ED100844A27 /* People.m in Sources */ = {isa = PBXBuildFile; fileRef = DBE956481EB97ED100844A27 /* People.m */; };
		DBE9564D1EB98F9600844A27 /* CountOperation.m in Sources */ = {isa = PBXBuildFile; fileRef = DBE9564C1EB98F9600844A27 /* CountOperation.m */; };
		DBE956501EB98FA700844A27 /* MAXOperation.m in Sources */ = {isa = PBXBuildFile; fileRef = DBE9564F1EB98FA700844A27 /* MAXOperation.m */; };
		DBE956531EB98FB200844A27 /* MINOperation.m in Sources */ = {isa = PBXBuildFile; fileRef = DBE956521EB98FB200844A27 /* MINOperation.m */; };
		DBE956561EB98FBC00844A27 /* AVGOperation.m in Sources */ = {isa = PBXBuildFile; fileRef = DBE956551EB98FBC00844A27 /* AVGOperation.m */; };
		DBE956591EB98FCA00844A27 /* SUMOperation.m in Sources */ = {isa = PBXBuildFile; fileRef = DBE956581EB98FCA00844A27 /* SUMOperation.m */; };
		DBE9565C1EB98FF200844A27 /* FUNCOperation.m in Sources */ = {isa = PBXBuildFile; fileRef = DBE9565B1EB98FF200844A27 /* FUNCOperation.m */; };
/* End PBXBuildFile section */

/* Begin PBXContainerItemProxy section */
		B206D7661C819EEA00F66DE7 /* PBXContainerItemProxy */ = {
			isa = PBXContainerItemProxy;
			containerPortal = B206D7441C819EE900F66DE7 /* Project object */;
			proxyType = 1;
			remoteGlobalIDString = B206D74B1C819EE900F66DE7;
			remoteInfo = HdataBase;
		};
		B206D7711C819EEA00F66DE7 /* PBXContainerItemProxy */ = {
			isa = PBXContainerItemProxy;
			containerPortal = B206D7441C819EE900F66DE7 /* Project object */;
			proxyType = 1;
			remoteGlobalIDString = B206D74B1C819EE900F66DE7;
			remoteInfo = HdataBase;
		};
/* End PBXContainerItemProxy section */

/* Begin PBXFileReference section */
		5B7EF3FFCC998DA823D20152 /* Pods.release.xcconfig */ = {isa = PBXFileReference; includeInIndex = 1; lastKnownFileType = text.xcconfig; name = Pods.release.xcconfig; path = "Pods/Target Support Files/Pods/Pods.release.xcconfig"; sourceTree = "<group>"; };
		5E2104D617ACF2DF7CEA93C3 /* libPods.a */ = {isa = PBXFileReference; explicitFileType = archive.ar; includeInIndex = 0; path = libPods.a; sourceTree = BUILT_PRODUCTS_DIR; };
		7B6F547DC1F87277E026EF33 /* Pods.debug.xcconfig */ = {isa = PBXFileReference; includeInIndex = 1; lastKnownFileType = text.xcconfig; name = Pods.debug.xcconfig; path = "Pods/Target Support Files/Pods/Pods.debug.xcconfig"; sourceTree = "<group>"; };
		B206D74C1C819EE900F66DE7 /* HdataBase.app */ = {isa = PBXFileReference; explicitFileType = wrapper.application; includeInIndex = 0; path = HdataBase.app; sourceTree = BUILT_PRODUCTS_DIR; };
		B206D7501C819EEA00F66DE7 /* main.m */ = {isa = PBXFileReference; lastKnownFileType = sourcecode.c.objc; path = main.m; sourceTree = "<group>"; };
		B206D7521C819EEA00F66DE7 /* AppDelegate.h */ = {isa = PBXFileReference; lastKnownFileType = sourcecode.c.h; path = AppDelegate.h; sourceTree = "<group>"; };
		B206D7531C819EEA00F66DE7 /* AppDelegate.m */ = {isa = PBXFileReference; lastKnownFileType = sourcecode.c.objc; path = AppDelegate.m; sourceTree = "<group>"; };
		B206D7551C819EEA00F66DE7 /* ViewController.h */ = {isa = PBXFileReference; lastKnownFileType = sourcecode.c.h; path = ViewController.h; sourceTree = "<group>"; };
		B206D7561C819EEA00F66DE7 /* ViewController.m */ = {isa = PBXFileReference; lastKnownFileType = sourcecode.c.objc; path = ViewController.m; sourceTree = "<group>"; };
		B206D7591C819EEA00F66DE7 /* Base */ = {isa = PBXFileReference; lastKnownFileType = file.storyboard; name = Base; path = Base.lproj/Main.storyboard; sourceTree = "<group>"; };
		B206D75B1C819EEA00F66DE7 /* Assets.xcassets */ = {isa = PBXFileReference; lastKnownFileType = folder.assetcatalog; path = Assets.xcassets; sourceTree = "<group>"; };
		B206D75E1C819EEA00F66DE7 /* Base */ = {isa = PBXFileReference; lastKnownFileType = file.storyboard; name = Base; path = Base.lproj/LaunchScreen.storyboard; sourceTree = "<group>"; };
		B206D7601C819EEA00F66DE7 /* Info.plist */ = {isa = PBXFileReference; lastKnownFileType = text.plist.xml; path = Info.plist; sourceTree = "<group>"; };
		B206D7651C819EEA00F66DE7 /* HdataBaseTests.xctest */ = {isa = PBXFileReference; explicitFileType = wrapper.cfbundle; includeInIndex = 0; path = HdataBaseTests.xctest; sourceTree = BUILT_PRODUCTS_DIR; };
		B206D7691C819EEA00F66DE7 /* HdataBaseTests.m */ = {isa = PBXFileReference; lastKnownFileType = sourcecode.c.objc; path = HdataBaseTests.m; sourceTree = "<group>"; };
		B206D76B1C819EEA00F66DE7 /* Info.plist */ = {isa = PBXFileReference; lastKnownFileType = text.plist.xml; path = Info.plist; sourceTree = "<group>"; };
		B206D7701C819EEA00F66DE7 /* HdataBaseUITests.xctest */ = {isa = PBXFileReference; explicitFileType = wrapper.cfbundle; includeInIndex = 0; path = HdataBaseUITests.xctest; sourceTree = BUILT_PRODUCTS_DIR; };
		B206D7741C819EEA00F66DE7 /* HdataBaseUITests.m */ = {isa = PBXFileReference; lastKnownFileType = sourcecode.c.objc; path = HdataBaseUITests.m; sourceTree = "<group>"; };
		B206D7761C819EEA00F66DE7 /* Info.plist */ = {isa = PBXFileReference; lastKnownFileType = text.plist.xml; path = Info.plist; sourceTree = "<group>"; };
		B206D79A1C81ACC400F66DE7 /* libsqlite3.tbd */ = {isa = PBXFileReference; lastKnownFileType = "sourcecode.text-based-dylib-definition"; name = libsqlite3.tbd; path = usr/lib/libsqlite3.tbd; sourceTree = SDKROOT; };
		DB2D65711EC2B57E00C330BE /* JoinOperation.h */ = {isa = PBXFileReference; fileEncoding = 4; lastKnownFileType = sourcecode.c.h; path = JoinOperation.h; sourceTree = "<group>"; };
		DB2D65721EC2B57E00C330BE /* JoinOperation.m */ = {isa = PBXFileReference; fileEncoding = 4; lastKnownFileType = sourcecode.c.objc; path = JoinOperation.m; sourceTree = "<group>"; };
		DB2D65741EC2B5B000C330BE /* INNEROPeration.h */ = {isa = PBXFileReference; fileEncoding = 4; lastKnownFileType = sourcecode.c.h; path = INNEROPeration.h; sourceTree = "<group>"; };
		DB2D65751EC2B5B000C330BE /* INNEROPeration.m */ = {isa = PBXFileReference; fileEncoding = 4; lastKnownFileType = sourcecode.c.objc; path = INNEROPeration.m; sourceTree = "<group>"; };
		DB2D65771EC2B5C400C330BE /* CROSSOperation.h */ = {isa = PBXFileReference; fileEncoding = 4; lastKnownFileType = sourcecode.c.h; path = CROSSOperation.h; sourceTree = "<group>"; };
		DB2D65781EC2B5C400C330BE /* CROSSOperation.m */ = {isa = PBXFileReference; fileEncoding = 4; lastKnownFileType = sourcecode.c.objc; path = CROSSOperation.m; sourceTree = "<group>"; };
		DB2D657A1EC2B5EC00C330BE /* LeftOUTEROperation.h */ = {isa = PBXFileReference; fileEncoding = 4; lastKnownFileType = sourcecode.c.h; path = LeftOUTEROperation.h; sourceTree = "<group>"; };
		DB2D657B1EC2B5EC00C330BE /* LeftOUTEROperation.m */ = {isa = PBXFileReference; fileEncoding = 4; lastKnownFileType = sourcecode.c.objc; path = LeftOUTEROperation.m; sourceTree = "<group>"; };
		DB2D657D1EC2BF3900C330BE /* PropertyCondition.h */ = {isa = PBXFileReference; fileEncoding = 4; lastKnownFileType = sourcecode.c.h; path = PropertyCondition.h; sourceTree = "<group>"; };
		DB2D657E1EC2BF3900C330BE /* PropertyCondition.m */ = {isa = PBXFileReference; fileEncoding = 4; lastKnownFileType = sourcecode.c.objc; path = PropertyCondition.m; sourceTree = "<group>"; };
		DB3E45761EB0E35E001C37AE /* DataBaseConnect.h */ = {isa = PBXFileReference; fileEncoding = 4; lastKnownFileType = sourcecode.c.h; path = DataBaseConnect.h; sourceTree = "<group>"; };
		DB3E45771EB0E35E001C37AE /* DataBaseConnect.m */ = {isa = PBXFileReference; fileEncoding = 4; lastKnownFileType = sourcecode.c.objc; path = DataBaseConnect.m; sourceTree = "<group>"; };
		DB3E45781EB0E35E001C37AE /* DBManager.h */ = {isa = PBXFileReference; fileEncoding = 4; lastKnownFileType = sourcecode.c.h; path = DBManager.h; sourceTree = "<group>"; };
		DB3E45791EB0E35E001C37AE /* DBManager.m */ = {isa = PBXFileReference; fileEncoding = 4; lastKnownFileType = sourcecode.c.objc; path = DBManager.m; sourceTree = "<group>"; };
		DB3E457A1EB0E35E001C37AE /* IvarInfomation.h */ = {isa = PBXFileReference; fileEncoding = 4; lastKnownFileType = sourcecode.c.h; path = IvarInfomation.h; sourceTree = "<group>"; };
		DB3E457B1EB0E35E001C37AE /* IvarInfomation.m */ = {isa = PBXFileReference; fileEncoding = 4; lastKnownFileType = sourcecode.c.objc; path = IvarInfomation.m; sourceTree = "<group>"; };
		DB3E457C1EB0E35E001C37AE /* NSObject+Base.h */ = {isa = PBXFileReference; fileEncoding = 4; lastKnownFileType = sourcecode.c.h; path = "NSObject+Base.h"; sourceTree = "<group>"; };
		DB3E457D1EB0E35E001C37AE /* NSObject+Base.m */ = {isa = PBXFileReference; fileEncoding = 4; lastKnownFileType = sourcecode.c.objc; path = "NSObject+Base.m"; sourceTree = "<group>"; };
		DB3E457E1EB0E35E001C37AE /* NSObject+SEL.h */ = {isa = PBXFileReference; fileEncoding = 4; lastKnownFileType = sourcecode.c.h; path = "NSObject+SEL.h"; sourceTree = "<group>"; };
		DB3E457F1EB0E35E001C37AE /* NSObject+SEL.m */ = {isa = PBXFileReference; fileEncoding = 4; lastKnownFileType = sourcecode.c.objc; path = "NSObject+SEL.m"; sourceTree = "<group>"; };
		DB3E45801EB0E35E001C37AE /* DBArhiever.h */ = {isa = PBXFileReference; fileEncoding = 4; lastKnownFileType = sourcecode.c.h; path = DBArhiever.h; sourceTree = "<group>"; };
		DB3E45821EB0E35E001C37AE /* DBBaseTarget.h */ = {isa = PBXFileReference; fileEncoding = 4; lastKnownFileType = sourcecode.c.h; path = DBBaseTarget.h; sourceTree = "<group>"; };
		DB3E45831EB0E35E001C37AE /* DBBaseTarget.m */ = {isa = PBXFileReference; fileEncoding = 4; lastKnownFileType = sourcecode.c.objc; path = DBBaseTarget.m; sourceTree = "<group>"; };
		DB3E45841EB0E35E001C37AE /* DBBaseTargetProtocol.h */ = {isa = PBXFileReference; fileEncoding = 4; lastKnownFileType = sourcecode.c.h; path = DBBaseTargetProtocol.h; sourceTree = "<group>"; };
		DB3E45861EB0E35E001C37AE /* ArrayProperty.h */ = {isa = PBXFileReference; fileEncoding = 4; lastKnownFileType = sourcecode.c.h; path = ArrayProperty.h; sourceTree = "<group>"; };
		DB3E45871EB0E35E001C37AE /* ArrayProperty.m */ = {isa = PBXFileReference; fileEncoding = 4; lastKnownFileType = sourcecode.c.objc; path = ArrayProperty.m; sourceTree = "<group>"; };
		DB3E45881EB0E35E001C37AE /* ClassProperty.h */ = {isa = PBXFileReference; fileEncoding = 4; lastKnownFileType = sourcecode.c.h; path = ClassProperty.h; sourceTree = "<group>"; };
		DB3E45891EB0E35E001C37AE /* ClassProperty.m */ = {isa = PBXFileReference; fileEncoding = 4; lastKnownFileType = sourcecode.c.objc; path = ClassProperty.m; sourceTree = "<group>"; };
		DB3E458A1EB0E35E001C37AE /* DictionaryProperty.h */ = {isa = PBXFileReference; fileEncoding = 4; lastKnownFileType = sourcecode.c.h; path = DictionaryProperty.h; sourceTree = "<group>"; };
		DB3E458B1EB0E35E001C37AE /* DictionaryProperty.m */ = {isa = PBXFileReference; fileEncoding = 4; lastKnownFileType = sourcecode.c.objc; path = DictionaryProperty.m; sourceTree = "<group>"; };
		DB3E458D1EB0E35E001C37AE /* GeneralProperty.h */ = {isa = PBXFileReference; fileEncoding = 4; lastKnownFileType = sourcecode.c.h; path = GeneralProperty.h; sourceTree = "<group>"; };
		DB3E458E1EB0E35E001C37AE /* GeneralProperty.m */ = {isa = PBXFileReference; fileEncoding = 4; lastKnownFileType = sourcecode.c.objc; path = GeneralProperty.m; sourceTree = "<group>"; };
		DB3E45911EB0E35E001C37AE /* NumberProperty.h */ = {isa = PBXFileReference; fileEncoding = 4; lastKnownFileType = sourcecode.c.h; path = NumberProperty.h; sourceTree = "<group>"; };
		DB3E45921EB0E35E001C37AE /* NumberProperty.m */ = {isa = PBXFileReference; fileEncoding = 4; lastKnownFileType = sourcecode.c.objc; path = NumberProperty.m; sourceTree = "<group>"; };
		DB3E45931EB0E35E001C37AE /* Property.h */ = {isa = PBXFileReference; fileEncoding = 4; lastKnownFileType = sourcecode.c.h; path = Property.h; sourceTree = "<group>"; };
		DB3E45941EB0E35E001C37AE /* Property.m */ = {isa = PBXFileReference; fileEncoding = 4; lastKnownFileType = sourcecode.c.objc; path = Property.m; sourceTree = "<group>"; };
		DB3E45951EB0E35E001C37AE /* PropertyFactory.h */ = {isa = PBXFileReference; fileEncoding = 4; lastKnownFileType = sourcecode.c.h; path = PropertyFactory.h; sourceTree = "<group>"; };
		DB3E45961EB0E35E001C37AE /* PropertyFactory.m */ = {isa = PBXFileReference; fileEncoding = 4; lastKnownFileType = sourcecode.c.objc; path = PropertyFactory.m; sourceTree = "<group>"; };
		DB3E45971EB0E35E001C37AE /* propertys.h */ = {isa = PBXFileReference; fileEncoding = 4; lastKnownFileType = sourcecode.c.h; path = propertys.h; sourceTree = "<group>"; };
		DB3E45981EB0E35E001C37AE /* SELProperty.h */ = {isa = PBXFileReference; fileEncoding = 4; lastKnownFileType = sourcecode.c.h; path = SELProperty.h; sourceTree = "<group>"; };
		DB3E45991EB0E35E001C37AE /* SELProperty.m */ = {isa = PBXFileReference; fileEncoding = 4; lastKnownFileType = sourcecode.c.objc; path = SELProperty.m; sourceTree = "<group>"; };
		DB3E459A1EB0E35E001C37AE /* StructProperty.h */ = {isa = PBXFileReference; fileEncoding = 4; lastKnownFileType = sourcecode.c.h; path = StructProperty.h; sourceTree = "<group>"; };
		DB3E459B1EB0E35E001C37AE /* StructProperty.m */ = {isa = PBXFileReference; fileEncoding = 4; lastKnownFileType = sourcecode.c.objc; path = StructProperty.m; sourceTree = "<group>"; };
		DB3E459C1EB0E35E001C37AE /* TargetProperty.h */ = {isa = PBXFileReference; fileEncoding = 4; lastKnownFileType = sourcecode.c.h; path = TargetProperty.h; sourceTree = "<group>"; };
		DB3E459D1EB0E35E001C37AE /* TargetProperty.m */ = {isa = PBXFileReference; fileEncoding = 4; lastKnownFileType = sourcecode.c.objc; path = TargetProperty.m; sourceTree = "<group>"; };
		DB3E45B71EB0E396001C37AE /* Video.h */ = {isa = PBXFileReference; fileEncoding = 4; lastKnownFileType = sourcecode.c.h; path = Video.h; sourceTree = "<group>"; };
		DB3E45B81EB0E396001C37AE /* Video.m */ = {isa = PBXFileReference; fileEncoding = 4; lastKnownFileType = sourcecode.c.objc; path = Video.m; sourceTree = "<group>"; };
		DB3E45BA1EB0E505001C37AE /* Author.h */ = {isa = PBXFileReference; fileEncoding = 4; lastKnownFileType = sourcecode.c.h; path = Author.h; sourceTree = "<group>"; };
		DB3E45BB1EB0E505001C37AE /* Author.m */ = {isa = PBXFileReference; fileEncoding = 4; lastKnownFileType = sourcecode.c.objc; path = Author.m; sourceTree = "<group>"; };
		DB3E46191EB1ED3C001C37AE /* ClassManager.h */ = {isa = PBXFileReference; fileEncoding = 4; lastKnownFileType = sourcecode.c.h; path = ClassManager.h; sourceTree = "<group>"; };
		DB3E461A1EB1ED3C001C37AE /* ClassManager.m */ = {isa = PBXFileReference; fileEncoding = 4; lastKnownFileType = sourcecode.c.objc; path = ClassManager.m; sourceTree = "<group>"; };
		DB3E46211EB2D109001C37AE /* DBPlugBox.h */ = {isa = PBXFileReference; fileEncoding = 4; lastKnownFileType = sourcecode.c.h; path = DBPlugBox.h; sourceTree = "<group>"; };
		DB3E46221EB2D109001C37AE /* DBPlugBox.m */ = {isa = PBXFileReference; fileEncoding = 4; lastKnownFileType = sourcecode.c.objc; path = DBPlugBox.m; sourceTree = "<group>"; };
		DB3E46241EB2D14F001C37AE /* DBPlug.h */ = {isa = PBXFileReference; fileEncoding = 4; lastKnownFileType = sourcecode.c.h; path = DBPlug.h; sourceTree = "<group>"; };
		DB3E46251EB2D14F001C37AE /* DBPlug.m */ = {isa = PBXFileReference; fileEncoding = 4; lastKnownFileType = sourcecode.c.objc; path = DBPlug.m; sourceTree = "<group>"; };
		DBE955DE1EB8194800844A27 /* Dog.h */ = {isa = PBXFileReference; fileEncoding = 4; lastKnownFileType = sourcecode.c.h; path = Dog.h; sourceTree = "<group>"; };
		DBE955DF1EB8194800844A27 /* Dog.m */ = {isa = PBXFileReference; fileEncoding = 4; lastKnownFileType = sourcecode.c.objc; path = Dog.m; sourceTree = "<group>"; };
		DBE956161EB9665000844A27 /* DBOperation.h */ = {isa = PBXFileReference; fileEncoding = 4; lastKnownFileType = sourcecode.c.h; path = DBOperation.h; sourceTree = "<group>"; };
		DBE956171EB9665000844A27 /* DBOperation.m */ = {isa = PBXFileReference; fileEncoding = 4; lastKnownFileType = sourcecode.c.objc; path = DBOperation.m; sourceTree = "<group>"; };
		DBE9561E1EB9665000844A27 /* PrepareStatus.h */ = {isa = PBXFileReference; fileEncoding = 4; lastKnownFileType = sourcecode.c.h; path = PrepareStatus.h; sourceTree = "<group>"; };
		DBE9561F1EB9665000844A27 /* PrepareStatus.m */ = {isa = PBXFileReference; fileEncoding = 4; lastKnownFileType = sourcecode.c.objc; path = PrepareStatus.m; sourceTree = "<group>"; };
		DBE956211EB9665000844A27 /* CompareOperation.h */ = {isa = PBXFileReference; fileEncoding = 4; lastKnownFileType = sourcecode.c.h; path = CompareOperation.h; sourceTree = "<group>"; };
		DBE956221EB9665000844A27 /* CompareOperation.m */ = {isa = PBXFileReference; fileEncoding = 4; lastKnownFileType = sourcecode.c.objc; path = CompareOperation.m; sourceTree = "<group>"; };
		DBE956231EB9665000844A27 /* LIKEOperation.h */ = {isa = PBXFileReference; fileEncoding = 4; lastKnownFileType = sourcecode.c.h; path = LIKEOperation.h; sourceTree = "<group>"; };
		DBE956241EB9665000844A27 /* LIKEOperation.m */ = {isa = PBXFileReference; fileEncoding = 4; lastKnownFileType = sourcecode.c.objc; path = LIKEOperation.m; sourceTree = "<group>"; };
		DBE956251EB9665000844A27 /* PrerequisiteOperation.h */ = {isa = PBXFileReference; fileEncoding = 4; lastKnownFileType = sourcecode.c.h; name = PrerequisiteOperation.h; path = ../PrerequisiteOperation.h; sourceTree = "<group>"; };
		DBE956261EB9665000844A27 /* PrerequisiteOperation.m */ = {isa = PBXFileReference; fileEncoding = 4; lastKnownFileType = sourcecode.c.objc; name = PrerequisiteOperation.m; path = ../PrerequisiteOperation.m; sourceTree = "<group>"; };
		DBE956281EB9665000844A27 /* ValueOperation.h */ = {isa = PBXFileReference; fileEncoding = 4; lastKnownFileType = sourcecode.c.h; path = ValueOperation.h; sourceTree = "<group>"; };
		DBE956291EB9665000844A27 /* ValueOperation.m */ = {isa = PBXFileReference; fileEncoding = 4; lastKnownFileType = sourcecode.c.objc; path = ValueOperation.m; sourceTree = "<group>"; };
		DBE956351EB9669B00844A27 /* GROUPOperation.h */ = {isa = PBXFileReference; fileEncoding = 4; lastKnownFileType = sourcecode.c.h; path = GROUPOperation.h; sourceTree = "<group>"; };
		DBE956361EB9669B00844A27 /* GROUPOperation.m */ = {isa = PBXFileReference; fileEncoding = 4; lastKnownFileType = sourcecode.c.objc; path = GROUPOperation.m; sourceTree = "<group>"; };
		DBE956371EB9669B00844A27 /* LimitOperation.h */ = {isa = PBXFileReference; fileEncoding = 4; lastKnownFileType = sourcecode.c.h; path = LimitOperation.h; sourceTree = "<group>"; };
		DBE956381EB9669B00844A27 /* LimitOperation.m */ = {isa = PBXFileReference; fileEncoding = 4; lastKnownFileType = sourcecode.c.objc; path = LimitOperation.m; sourceTree = "<group>"; };
		DBE956391EB9669B00844A27 /* ORDEROperation.h */ = {isa = PBXFileReference; fileEncoding = 4; lastKnownFileType = sourcecode.c.h; path = ORDEROperation.h; sourceTree = "<group>"; };
		DBE9563A1EB9669B00844A27 /* ORDEROperation.m */ = {isa = PBXFileReference; fileEncoding = 4; lastKnownFileType = sourcecode.c.objc; path = ORDEROperation.m; sourceTree = "<group>"; };
		DBE9563E1EB966CF00844A27 /* DISTINOTOperation.h */ = {isa = PBXFileReference; fileEncoding = 4; lastKnownFileType = sourcecode.c.h; path = DISTINOTOperation.h; sourceTree = "<group>"; };
		DBE9563F1EB966CF00844A27 /* DISTINOTOperation.m */ = {isa = PBXFileReference; fileEncoding = 4; lastKnownFileType = sourcecode.c.objc; path = DISTINOTOperation.m; sourceTree = "<group>"; };
		DBE956411EB9671300844A27 /* GLOBOperation.h */ = {isa = PBXFileReference; fileEncoding = 4; lastKnownFileType = sourcecode.c.h; path = GLOBOperation.h; sourceTree = "<group>"; };
		DBE956421EB9671300844A27 /* GLOBOperation.m */ = {isa = PBXFileReference; fileEncoding = 4; lastKnownFileType = sourcecode.c.objc; path = GLOBOperation.m; sourceTree = "<group>"; };
		DBE956441EB97A9B00844A27 /* AssistOperation.h */ = {isa = PBXFileReference; fileEncoding = 4; lastKnownFileType = sourcecode.c.h; path = AssistOperation.h; sourceTree = "<group>"; };
		DBE956451EB97A9B00844A27 /* AssistOperation.m */ = {isa = PBXFileReference; fileEncoding = 4; lastKnownFileType = sourcecode.c.objc; path = AssistOperation.m; sourceTree = "<group>"; };
		DBE956471EB97ED100844A27 /* People.h */ = {isa = PBXFileReference; fileEncoding = 4; lastKnownFileType = sourcecode.c.h; path = People.h; sourceTree = "<group>"; };
		DBE956481EB97ED100844A27 /* People.m */ = {isa = PBXFileReference; fileEncoding = 4; lastKnownFileType = sourcecode.c.objc; path = People.m; sourceTree = "<group>"; };
		DBE9564B1EB98F9600844A27 /* CountOperation.h */ = {isa = PBXFileReference; fileEncoding = 4; lastKnownFileType = sourcecode.c.h; path = CountOperation.h; sourceTree = "<group>"; };
		DBE9564C1EB98F9600844A27 /* CountOperation.m */ = {isa = PBXFileReference; fileEncoding = 4; lastKnownFileType = sourcecode.c.objc; path = CountOperation.m; sourceTree = "<group>"; };
		DBE9564E1EB98FA700844A27 /* MAXOperation.h */ = {isa = PBXFileReference; fileEncoding = 4; lastKnownFileType = sourcecode.c.h; path = MAXOperation.h; sourceTree = "<group>"; };
		DBE9564F1EB98FA700844A27 /* MAXOperation.m */ = {isa = PBXFileReference; fileEncoding = 4; lastKnownFileType = sourcecode.c.objc; path = MAXOperation.m; sourceTree = "<group>"; };
		DBE956511EB98FB200844A27 /* MINOperation.h */ = {isa = PBXFileReference; fileEncoding = 4; lastKnownFileType = sourcecode.c.h; path = MINOperation.h; sourceTree = "<group>"; };
		DBE956521EB98FB200844A27 /* MINOperation.m */ = {isa = PBXFileReference; fileEncoding = 4; lastKnownFileType = sourcecode.c.objc; path = MINOperation.m; sourceTree = "<group>"; };
		DBE956541EB98FBC00844A27 /* AVGOperation.h */ = {isa = PBXFileReference; fileEncoding = 4; lastKnownFileType = sourcecode.c.h; path = AVGOperation.h; sourceTree = "<group>"; };
		DBE956551EB98FBC00844A27 /* AVGOperation.m */ = {isa = PBXFileReference; fileEncoding = 4; lastKnownFileType = sourcecode.c.objc; path = AVGOperation.m; sourceTree = "<group>"; };
		DBE956571EB98FCA00844A27 /* SUMOperation.h */ = {isa = PBXFileReference; fileEncoding = 4; lastKnownFileType = sourcecode.c.h; path = SUMOperation.h; sourceTree = "<group>"; };
		DBE956581EB98FCA00844A27 /* SUMOperation.m */ = {isa = PBXFileReference; fileEncoding = 4; lastKnownFileType = sourcecode.c.objc; path = SUMOperation.m; sourceTree = "<group>"; };
		DBE9565A1EB98FF200844A27 /* FUNCOperation.h */ = {isa = PBXFileReference; fileEncoding = 4; lastKnownFileType = sourcecode.c.h; path = FUNCOperation.h; sourceTree = "<group>"; };
		DBE9565B1EB98FF200844A27 /* FUNCOperation.m */ = {isa = PBXFileReference; fileEncoding = 4; lastKnownFileType = sourcecode.c.objc; path = FUNCOperation.m; sourceTree = "<group>"; };
/* End PBXFileReference section */

/* Begin PBXFrameworksBuildPhase section */
		B206D7491C819EE900F66DE7 /* Frameworks */ = {
			isa = PBXFrameworksBuildPhase;
			buildActionMask = 2147483647;
			files = (
				B206D79B1C81ACC400F66DE7 /* libsqlite3.tbd in Frameworks */,
				CA38D22BB8FB7B2F32295E0E /* libPods.a in Frameworks */,
			);
			runOnlyForDeploymentPostprocessing = 0;
		};
		B206D7621C819EEA00F66DE7 /* Frameworks */ = {
			isa = PBXFrameworksBuildPhase;
			buildActionMask = 2147483647;
			files = (
			);
			runOnlyForDeploymentPostprocessing = 0;
		};
		B206D76D1C819EEA00F66DE7 /* Frameworks */ = {
			isa = PBXFrameworksBuildPhase;
			buildActionMask = 2147483647;
			files = (
			);
			runOnlyForDeploymentPostprocessing = 0;
		};
/* End PBXFrameworksBuildPhase section */

/* Begin PBXGroup section */
		AC21DFF546B5FE5FB0867849 /* Pods */ = {
			isa = PBXGroup;
			children = (
				7B6F547DC1F87277E026EF33 /* Pods.debug.xcconfig */,
				5B7EF3FFCC998DA823D20152 /* Pods.release.xcconfig */,
			);
			name = Pods;
			sourceTree = "<group>";
		};
		B206D7431C819EE900F66DE7 = {
			isa = PBXGroup;
			children = (
				B206D74E1C819EE900F66DE7 /* HdataBase */,
				B206D7681C819EEA00F66DE7 /* HdataBaseTests */,
				B206D7731C819EEA00F66DE7 /* HdataBaseUITests */,
				B206D74D1C819EE900F66DE7 /* Products */,
				AC21DFF546B5FE5FB0867849 /* Pods */,
				BD350D15827568977EB0488C /* Frameworks */,
			);
			sourceTree = "<group>";
		};
		B206D74D1C819EE900F66DE7 /* Products */ = {
			isa = PBXGroup;
			children = (
				B206D74C1C819EE900F66DE7 /* HdataBase.app */,
				B206D7651C819EEA00F66DE7 /* HdataBaseTests.xctest */,
				B206D7701C819EEA00F66DE7 /* HdataBaseUITests.xctest */,
			);
			name = Products;
			sourceTree = "<group>";
		};
		B206D74E1C819EE900F66DE7 /* HdataBase */ = {
			isa = PBXGroup;
			children = (
				DB3E45621EB0E35E001C37AE /* HDataArhiever */,
				B206D7521C819EEA00F66DE7 /* AppDelegate.h */,
				B206D7531C819EEA00F66DE7 /* AppDelegate.m */,
				B206D7551C819EEA00F66DE7 /* ViewController.h */,
				B206D7561C819EEA00F66DE7 /* ViewController.m */,
				DB3E45B71EB0E396001C37AE /* Video.h */,
				DB3E45B81EB0E396001C37AE /* Video.m */,
				DB3E45BA1EB0E505001C37AE /* Author.h */,
				DB3E45BB1EB0E505001C37AE /* Author.m */,
				DBE955DE1EB8194800844A27 /* Dog.h */,
				DBE955DF1EB8194800844A27 /* Dog.m */,
				DBE956471EB97ED100844A27 /* People.h */,
				DBE956481EB97ED100844A27 /* People.m */,
				B206D7581C819EEA00F66DE7 /* Main.storyboard */,
				B206D75B1C819EEA00F66DE7 /* Assets.xcassets */,
				B206D75D1C819EEA00F66DE7 /* LaunchScreen.storyboard */,
				B206D7601C819EEA00F66DE7 /* Info.plist */,
				B206D74F1C819EEA00F66DE7 /* Supporting Files */,
			);
			path = HdataBase;
			sourceTree = "<group>";
		};
		B206D74F1C819EEA00F66DE7 /* Supporting Files */ = {
			isa = PBXGroup;
			children = (
				B206D7501C819EEA00F66DE7 /* main.m */,
			);
			name = "Supporting Files";
			sourceTree = "<group>";
		};
		B206D7681C819EEA00F66DE7 /* HdataBaseTests */ = {
			isa = PBXGroup;
			children = (
				B206D7691C819EEA00F66DE7 /* HdataBaseTests.m */,
				B206D76B1C819EEA00F66DE7 /* Info.plist */,
			);
			path = HdataBaseTests;
			sourceTree = "<group>";
		};
		B206D7731C819EEA00F66DE7 /* HdataBaseUITests */ = {
			isa = PBXGroup;
			children = (
				B206D7741C819EEA00F66DE7 /* HdataBaseUITests.m */,
				B206D7761C819EEA00F66DE7 /* Info.plist */,
			);
			path = HdataBaseUITests;
			sourceTree = "<group>";
		};
		BD350D15827568977EB0488C /* Frameworks */ = {
			isa = PBXGroup;
			children = (
				B206D79A1C81ACC400F66DE7 /* libsqlite3.tbd */,
				5E2104D617ACF2DF7CEA93C3 /* libPods.a */,
			);
			name = Frameworks;
			sourceTree = "<group>";
		};
		DB2D65701EC2B32400C330BE /* join */ = {
			isa = PBXGroup;
			children = (
				DB2D65711EC2B57E00C330BE /* JoinOperation.h */,
				DB2D65721EC2B57E00C330BE /* JoinOperation.m */,
				DB2D65741EC2B5B000C330BE /* INNEROPeration.h */,
				DB2D65751EC2B5B000C330BE /* INNEROPeration.m */,
				DB2D65771EC2B5C400C330BE /* CROSSOperation.h */,
				DB2D65781EC2B5C400C330BE /* CROSSOperation.m */,
				DB2D657A1EC2B5EC00C330BE /* LeftOUTEROperation.h */,
				DB2D657B1EC2B5EC00C330BE /* LeftOUTEROperation.m */,
			);
			path = join;
			sourceTree = "<group>";
		};
		DB3E45621EB0E35E001C37AE /* HDataArhiever */ = {
			isa = PBXGroup;
			children = (
				DB3E46201EB2D0EA001C37AE /* plug */,
				DB3E46181EB1ED25001C37AE /* class */,
				DB3E45751EB0E35E001C37AE /* core */,
				DB3E45801EB0E35E001C37AE /* DBArhiever.h */,
				DB3E45811EB0E35E001C37AE /* model */,
				DB3E45851EB0E35E001C37AE /* propertys */,
			);
			path = HDataArhiever;
			sourceTree = "<group>";
		};
		DB3E45751EB0E35E001C37AE /* core */ = {
			isa = PBXGroup;
			children = (
				DB3E45761EB0E35E001C37AE /* DataBaseConnect.h */,
				DB3E45771EB0E35E001C37AE /* DataBaseConnect.m */,
				DB3E45781EB0E35E001C37AE /* DBManager.h */,
				DB3E45791EB0E35E001C37AE /* DBManager.m */,
				DB3E457A1EB0E35E001C37AE /* IvarInfomation.h */,
				DB3E457B1EB0E35E001C37AE /* IvarInfomation.m */,
				DB3E457C1EB0E35E001C37AE /* NSObject+Base.h */,
				DB3E457D1EB0E35E001C37AE /* NSObject+Base.m */,
				DB3E457E1EB0E35E001C37AE /* NSObject+SEL.h */,
				DB3E457F1EB0E35E001C37AE /* NSObject+SEL.m */,
				DBE956151EB9665000844A27 /* Operations */,
			);
			path = core;
			sourceTree = "<group>";
		};
		DB3E45811EB0E35E001C37AE /* model */ = {
			isa = PBXGroup;
			children = (
				DB3E45821EB0E35E001C37AE /* DBBaseTarget.h */,
				DB3E45831EB0E35E001C37AE /* DBBaseTarget.m */,
				DB3E45841EB0E35E001C37AE /* DBBaseTargetProtocol.h */,
			);
			path = model;
			sourceTree = "<group>";
		};
		DB3E45851EB0E35E001C37AE /* propertys */ = {
			isa = PBXGroup;
			children = (
				DB3E45861EB0E35E001C37AE /* ArrayProperty.h */,
				DB3E45871EB0E35E001C37AE /* ArrayProperty.m */,
				DB3E45881EB0E35E001C37AE /* ClassProperty.h */,
				DB3E45891EB0E35E001C37AE /* ClassProperty.m */,
				DB3E458A1EB0E35E001C37AE /* DictionaryProperty.h */,
				DB3E458B1EB0E35E001C37AE /* DictionaryProperty.m */,
				DB3E458D1EB0E35E001C37AE /* GeneralProperty.h */,
				DB3E458E1EB0E35E001C37AE /* GeneralProperty.m */,
				DB3E45911EB0E35E001C37AE /* NumberProperty.h */,
				DB3E45921EB0E35E001C37AE /* NumberProperty.m */,
				DB3E45931EB0E35E001C37AE /* Property.h */,
				DB3E45941EB0E35E001C37AE /* Property.m */,
				DB3E45951EB0E35E001C37AE /* PropertyFactory.h */,
				DB3E45961EB0E35E001C37AE /* PropertyFactory.m */,
				DB3E45971EB0E35E001C37AE /* propertys.h */,
				DB3E45981EB0E35E001C37AE /* SELProperty.h */,
				DB3E45991EB0E35E001C37AE /* SELProperty.m */,
				DB3E459A1EB0E35E001C37AE /* StructProperty.h */,
				DB3E459B1EB0E35E001C37AE /* StructProperty.m */,
				DB3E459C1EB0E35E001C37AE /* TargetProperty.h */,
				DB3E459D1EB0E35E001C37AE /* TargetProperty.m */,
			);
			path = propertys;
			sourceTree = "<group>";
		};
		DB3E46181EB1ED25001C37AE /* class */ = {
			isa = PBXGroup;
			children = (
				DB3E46191EB1ED3C001C37AE /* ClassManager.h */,
				DB3E461A1EB1ED3C001C37AE /* ClassManager.m */,
			);
			path = class;
			sourceTree = "<group>";
		};
		DB3E46201EB2D0EA001C37AE /* plug */ = {
			isa = PBXGroup;
			children = (
				DB3E46211EB2D109001C37AE /* DBPlugBox.h */,
				DB3E46221EB2D109001C37AE /* DBPlugBox.m */,
				DB3E46241EB2D14F001C37AE /* DBPlug.h */,
				DB3E46251EB2D14F001C37AE /* DBPlug.m */,
			);
			path = plug;
			sourceTree = "<group>";
		};
		DBE956151EB9665000844A27 /* Operations */ = {
			isa = PBXGroup;
			children = (
				DBE956161EB9665000844A27 /* DBOperation.h */,
				DBE956171EB9665000844A27 /* DBOperation.m */,
				DBE9561E1EB9665000844A27 /* PrepareStatus.h */,
				DBE9561F1EB9665000844A27 /* PrepareStatus.m */,
				DB2D657D1EC2BF3900C330BE /* PropertyCondition.h */,
				DB2D657E1EC2BF3900C330BE /* PropertyCondition.m */,
				DB2D65701EC2B32400C330BE /* join */,
				DBE9564A1EB98F7600844A27 /* function */,
				DBE956341EB9669B00844A27 /* assist */,
				DBE956201EB9665000844A27 /* prerequisite */,
				DBE956271EB9665000844A27 /* Value */,
			);
			path = Operations;
			sourceTree = "<group>";
		};
		DBE956201EB9665000844A27 /* prerequisite */ = {
			isa = PBXGroup;
			children = (
				DBE956251EB9665000844A27 /* PrerequisiteOperation.h */,
				DBE956261EB9665000844A27 /* PrerequisiteOperation.m */,
				DBE956211EB9665000844A27 /* CompareOperation.h */,
				DBE956221EB9665000844A27 /* CompareOperation.m */,
				DBE956231EB9665000844A27 /* LIKEOperation.h */,
				DBE956241EB9665000844A27 /* LIKEOperation.m */,
				DBE956411EB9671300844A27 /* GLOBOperation.h */,
				DBE956421EB9671300844A27 /* GLOBOperation.m */,
			);
			path = prerequisite;
			sourceTree = "<group>";
		};
		DBE956271EB9665000844A27 /* Value */ = {
			isa = PBXGroup;
			children = (
				DBE956281EB9665000844A27 /* ValueOperation.h */,
				DBE956291EB9665000844A27 /* ValueOperation.m */,
				DBE9563E1EB966CF00844A27 /* DISTINOTOperation.h */,
				DBE9563F1EB966CF00844A27 /* DISTINOTOperation.m */,
			);
			path = Value;
			sourceTree = "<group>";
		};
		DBE956341EB9669B00844A27 /* assist */ = {
			isa = PBXGroup;
			children = (
				DBE956441EB97A9B00844A27 /* AssistOperation.h */,
				DBE956451EB97A9B00844A27 /* AssistOperation.m */,
				DBE956351EB9669B00844A27 /* GROUPOperation.h */,
				DBE956361EB9669B00844A27 /* GROUPOperation.m */,
				DBE956371EB9669B00844A27 /* LimitOperation.h */,
				DBE956381EB9669B00844A27 /* LimitOperation.m */,
				DBE956391EB9669B00844A27 /* ORDEROperation.h */,
				DBE9563A1EB9669B00844A27 /* ORDEROperation.m */,
			);
			path = assist;
			sourceTree = "<group>";
		};
		DBE9564A1EB98F7600844A27 /* function */ = {
			isa = PBXGroup;
			children = (
				DBE9565A1EB98FF200844A27 /* FUNCOperation.h */,
				DBE9565B1EB98FF200844A27 /* FUNCOperation.m */,
				DBE9564B1EB98F9600844A27 /* CountOperation.h */,
				DBE9564C1EB98F9600844A27 /* CountOperation.m */,
				DBE9564E1EB98FA700844A27 /* MAXOperation.h */,
				DBE9564F1EB98FA700844A27 /* MAXOperation.m */,
				DBE956511EB98FB200844A27 /* MINOperation.h */,
				DBE956521EB98FB200844A27 /* MINOperation.m */,
				DBE956541EB98FBC00844A27 /* AVGOperation.h */,
				DBE956551EB98FBC00844A27 /* AVGOperation.m */,
				DBE956571EB98FCA00844A27 /* SUMOperation.h */,
				DBE956581EB98FCA00844A27 /* SUMOperation.m */,
			);
			path = function;
			sourceTree = "<group>";
		};
/* End PBXGroup section */

/* Begin PBXNativeTarget section */
		B206D74B1C819EE900F66DE7 /* HdataBase */ = {
			isa = PBXNativeTarget;
			buildConfigurationList = B206D7791C819EEA00F66DE7 /* Build configuration list for PBXNativeTarget "HdataBase" */;
			buildPhases = (
				DE6395195423952530F23C79 /* Check Pods Manifest.lock */,
				B206D7481C819EE900F66DE7 /* Sources */,
				B206D7491C819EE900F66DE7 /* Frameworks */,
				B206D74A1C819EE900F66DE7 /* Resources */,
				4FD0EE01B4D59CF8F391F20C /* Embed Pods Frameworks */,
				9895F811CB4DD3CF10D1E0C7 /* Copy Pods Resources */,
			);
			buildRules = (
			);
			dependencies = (
			);
			name = HdataBase;
			productName = HdataBase;
			productReference = B206D74C1C819EE900F66DE7 /* HdataBase.app */;
			productType = "com.apple.product-type.application";
		};
		B206D7641C819EEA00F66DE7 /* HdataBaseTests */ = {
			isa = PBXNativeTarget;
			buildConfigurationList = B206D77C1C819EEA00F66DE7 /* Build configuration list for PBXNativeTarget "HdataBaseTests" */;
			buildPhases = (
				B206D7611C819EEA00F66DE7 /* Sources */,
				B206D7621C819EEA00F66DE7 /* Frameworks */,
				B206D7631C819EEA00F66DE7 /* Resources */,
			);
			buildRules = (
			);
			dependencies = (
				B206D7671C819EEA00F66DE7 /* PBXTargetDependency */,
			);
			name = HdataBaseTests;
			productName = HdataBaseTests;
			productReference = B206D7651C819EEA00F66DE7 /* HdataBaseTests.xctest */;
			productType = "com.apple.product-type.bundle.unit-test";
		};
		B206D76F1C819EEA00F66DE7 /* HdataBaseUITests */ = {
			isa = PBXNativeTarget;
			buildConfigurationList = B206D77F1C819EEA00F66DE7 /* Build configuration list for PBXNativeTarget "HdataBaseUITests" */;
			buildPhases = (
				B206D76C1C819EEA00F66DE7 /* Sources */,
				B206D76D1C819EEA00F66DE7 /* Frameworks */,
				B206D76E1C819EEA00F66DE7 /* Resources */,
			);
			buildRules = (
			);
			dependencies = (
				B206D7721C819EEA00F66DE7 /* PBXTargetDependency */,
			);
			name = HdataBaseUITests;
			productName = HdataBaseUITests;
			productReference = B206D7701C819EEA00F66DE7 /* HdataBaseUITests.xctest */;
			productType = "com.apple.product-type.bundle.ui-testing";
		};
/* End PBXNativeTarget section */

/* Begin PBXProject section */
		B206D7441C819EE900F66DE7 /* Project object */ = {
			isa = PBXProject;
			attributes = {
				LastUpgradeCheck = 0710;
				ORGANIZATIONNAME = Space;
				TargetAttributes = {
					B206D74B1C819EE900F66DE7 = {
						CreatedOnToolsVersion = 7.1;
						DevelopmentTeam = KJ2S48C9J9;
					};
					B206D7641C819EEA00F66DE7 = {
						CreatedOnToolsVersion = 7.1;
						TestTargetID = B206D74B1C819EE900F66DE7;
					};
					B206D76F1C819EEA00F66DE7 = {
						CreatedOnToolsVersion = 7.1;
						TestTargetID = B206D74B1C819EE900F66DE7;
					};
				};
			};
			buildConfigurationList = B206D7471C819EE900F66DE7 /* Build configuration list for PBXProject "HdataBase" */;
			compatibilityVersion = "Xcode 3.2";
			developmentRegion = English;
			hasScannedForEncodings = 0;
			knownRegions = (
				en,
				Base,
			);
			mainGroup = B206D7431C819EE900F66DE7;
			productRefGroup = B206D74D1C819EE900F66DE7 /* Products */;
			projectDirPath = "";
			projectRoot = "";
			targets = (
				B206D74B1C819EE900F66DE7 /* HdataBase */,
				B206D7641C819EEA00F66DE7 /* HdataBaseTests */,
				B206D76F1C819EEA00F66DE7 /* HdataBaseUITests */,
			);
		};
/* End PBXProject section */

/* Begin PBXResourcesBuildPhase section */
		B206D74A1C819EE900F66DE7 /* Resources */ = {
			isa = PBXResourcesBuildPhase;
			buildActionMask = 2147483647;
			files = (
				B206D75F1C819EEA00F66DE7 /* LaunchScreen.storyboard in Resources */,
				B206D75C1C819EEA00F66DE7 /* Assets.xcassets in Resources */,
				B206D75A1C819EEA00F66DE7 /* Main.storyboard in Resources */,
			);
			runOnlyForDeploymentPostprocessing = 0;
		};
		B206D7631C819EEA00F66DE7 /* Resources */ = {
			isa = PBXResourcesBuildPhase;
			buildActionMask = 2147483647;
			files = (
			);
			runOnlyForDeploymentPostprocessing = 0;
		};
		B206D76E1C819EEA00F66DE7 /* Resources */ = {
			isa = PBXResourcesBuildPhase;
			buildActionMask = 2147483647;
			files = (
			);
			runOnlyForDeploymentPostprocessing = 0;
		};
/* End PBXResourcesBuildPhase section */

/* Begin PBXShellScriptBuildPhase section */
		4FD0EE01B4D59CF8F391F20C /* Embed Pods Frameworks */ = {
			isa = PBXShellScriptBuildPhase;
			buildActionMask = 2147483647;
			files = (
			);
			inputPaths = (
			);
			name = "Embed Pods Frameworks";
			outputPaths = (
			);
			runOnlyForDeploymentPostprocessing = 0;
			shellPath = /bin/sh;
			shellScript = "\"${SRCROOT}/Pods/Target Support Files/Pods/Pods-frameworks.sh\"\n";
			showEnvVarsInLog = 0;
		};
		9895F811CB4DD3CF10D1E0C7 /* Copy Pods Resources */ = {
			isa = PBXShellScriptBuildPhase;
			buildActionMask = 2147483647;
			files = (
			);
			inputPaths = (
			);
			name = "Copy Pods Resources";
			outputPaths = (
			);
			runOnlyForDeploymentPostprocessing = 0;
			shellPath = /bin/sh;
			shellScript = "\"${SRCROOT}/Pods/Target Support Files/Pods/Pods-resources.sh\"\n";
			showEnvVarsInLog = 0;
		};
		DE6395195423952530F23C79 /* Check Pods Manifest.lock */ = {
			isa = PBXShellScriptBuildPhase;
			buildActionMask = 2147483647;
			files = (
			);
			inputPaths = (
			);
			name = "Check Pods Manifest.lock";
			outputPaths = (
			);
			runOnlyForDeploymentPostprocessing = 0;
			shellPath = /bin/sh;
			shellScript = "diff \"${PODS_ROOT}/../Podfile.lock\" \"${PODS_ROOT}/Manifest.lock\" > /dev/null\nif [[ $? != 0 ]] ; then\n    cat << EOM\nerror: The sandbox is not in sync with the Podfile.lock. Run 'pod install' or update your CocoaPods installation.\nEOM\n    exit 1\nfi\n";
			showEnvVarsInLog = 0;
		};
/* End PBXShellScriptBuildPhase section */

/* Begin PBXSourcesBuildPhase section */
		B206D7481C819EE900F66DE7 /* Sources */ = {
			isa = PBXSourcesBuildPhase;
			buildActionMask = 2147483647;
			files = (
				DB2D65761EC2B5B000C330BE /* INNEROPeration.m in Sources */,
				DBE956311EB9665000844A27 /* LIKEOperation.m in Sources */,
				DB3E45AC1EB0E35E001C37AE /* ArrayProperty.m in Sources */,
				DB3E45B21EB0E35E001C37AE /* Property.m in Sources */,
				DB3E45B61EB0E35E001C37AE /* TargetProperty.m in Sources */,
				DB3E45AB1EB0E35E001C37AE /* DBBaseTarget.m in Sources */,
				DB2D65791EC2B5C400C330BE /* CROSSOperation.m in Sources */,
				DBE956331EB9665000844A27 /* ValueOperation.m in Sources */,
				DB3E46231EB2D109001C37AE /* DBPlugBox.m in Sources */,
				DB3E45B31EB0E35E001C37AE /* PropertyFactory.m in Sources */,
				DB2D657C1EC2B5EC00C330BE /* LeftOUTEROperation.m in Sources */,
				DBE956401EB966CF00844A27 /* DISTINOTOperation.m in Sources */,
				DB3E46261EB2D14F001C37AE /* DBPlug.m in Sources */,
				DBE9563B1EB9669B00844A27 /* GROUPOperation.m in Sources */,
				DBE9563D1EB9669B00844A27 /* ORDEROperation.m in Sources */,
				DBE956561EB98FBC00844A27 /* AVGOperation.m in Sources */,
				DB3E45AF1EB0E35E001C37AE /* GeneralProperty.m in Sources */,
				DB3E45AA1EB0E35E001C37AE /* NSObject+SEL.m in Sources */,
				B206D7571C819EEA00F66DE7 /* ViewController.m in Sources */,
				DBE956461EB97A9B00844A27 /* AssistOperation.m in Sources */,
				DBE956501EB98FA700844A27 /* MAXOperation.m in Sources */,
				DB3E45B91EB0E396001C37AE /* Video.m in Sources */,
				DBE9564D1EB98F9600844A27 /* CountOperation.m in Sources */,
				B206D7541C819EEA00F66DE7 /* AppDelegate.m in Sources */,
				DB3E45BC1EB0E505001C37AE /* Author.m in Sources */,
				DBE955E01EB8194800844A27 /* Dog.m in Sources */,
				DBE9565C1EB98FF200844A27 /* FUNCOperation.m in Sources */,
				DBE956431EB9671300844A27 /* GLOBOperation.m in Sources */,
				DBE956321EB9665000844A27 /* PrerequisiteOperation.m in Sources */,
				B206D7511C819EEA00F66DE7 /* main.m in Sources */,
				DBE956531EB98FB200844A27 /* MINOperation.m in Sources */,
				DB3E45B11EB0E35E001C37AE /* NumberProperty.m in Sources */,
				DB3E45AE1EB0E35E001C37AE /* DictionaryProperty.m in Sources */,
				DB3E45A81EB0E35E001C37AE /* IvarInfomation.m in Sources */,
				DB3E45AD1EB0E35E001C37AE /* ClassProperty.m in Sources */,
				DB3E45A61EB0E35E001C37AE /* DataBaseConnect.m in Sources */,
				DBE956491EB97ED100844A27 /* People.m in Sources */,
				DBE956301EB9665000844A27 /* CompareOperation.m in Sources */,
				DB2D657F1EC2BF3900C330BE /* PropertyCondition.m in Sources */,
				DBE956591EB98FCA00844A27 /* SUMOperation.m in Sources */,
				DB3E461B1EB1ED3C001C37AE /* ClassManager.m in Sources */,
				DB3E45A91EB0E35E001C37AE /* NSObject+Base.m in Sources */,
				DB3E45B51EB0E35E001C37AE /* StructProperty.m in Sources */,
				DBE9562B1EB9665000844A27 /* DBOperation.m in Sources */,
				DB3E45A71EB0E35E001C37AE /* DBManager.m in Sources */,
				DBE9563C1EB9669B00844A27 /* LimitOperation.m in Sources */,
				DBE9562F1EB9665000844A27 /* PrepareStatus.m in Sources */,
				DB3E45B41EB0E35E001C37AE /* SELProperty.m in Sources */,
				DB2D65731EC2B57E00C330BE /* JoinOperation.m in Sources */,
			);
			runOnlyForDeploymentPostprocessing = 0;
		};
		B206D7611C819EEA00F66DE7 /* Sources */ = {
			isa = PBXSourcesBuildPhase;
			buildActionMask = 2147483647;
			files = (
				B206D76A1C819EEA00F66DE7 /* HdataBaseTests.m in Sources */,
			);
			runOnlyForDeploymentPostprocessing = 0;
		};
		B206D76C1C819EEA00F66DE7 /* Sources */ = {
			isa = PBXSourcesBuildPhase;
			buildActionMask = 2147483647;
			files = (
				B206D7751C819EEA00F66DE7 /* HdataBaseUITests.m in Sources */,
			);
			runOnlyForDeploymentPostprocessing = 0;
		};
/* End PBXSourcesBuildPhase section */

/* Begin PBXTargetDependency section */
		B206D7671C819EEA00F66DE7 /* PBXTargetDependency */ = {
			isa = PBXTargetDependency;
			target = B206D74B1C819EE900F66DE7 /* HdataBase */;
			targetProxy = B206D7661C819EEA00F66DE7 /* PBXContainerItemProxy */;
		};
		B206D7721C819EEA00F66DE7 /* PBXTargetDependency */ = {
			isa = PBXTargetDependency;
			target = B206D74B1C819EE900F66DE7 /* HdataBase */;
			targetProxy = B206D7711C819EEA00F66DE7 /* PBXContainerItemProxy */;
		};
/* End PBXTargetDependency section */

/* Begin PBXVariantGroup section */
		B206D7581C819EEA00F66DE7 /* Main.storyboard */ = {
			isa = PBXVariantGroup;
			children = (
				B206D7591C819EEA00F66DE7 /* Base */,
			);
			name = Main.storyboard;
			sourceTree = "<group>";
		};
		B206D75D1C819EEA00F66DE7 /* LaunchScreen.storyboard */ = {
			isa = PBXVariantGroup;
			children = (
				B206D75E1C819EEA00F66DE7 /* Base */,
			);
			name = LaunchScreen.storyboard;
			sourceTree = "<group>";
		};
/* End PBXVariantGroup section */

/* Begin XCBuildConfiguration section */
		B206D7771C819EEA00F66DE7 /* Debug */ = {
			isa = XCBuildConfiguration;
			buildSettings = {
				ALWAYS_SEARCH_USER_PATHS = NO;
				CLANG_CXX_LANGUAGE_STANDARD = "gnu++0x";
				CLANG_CXX_LIBRARY = "libc++";
				CLANG_ENABLE_MODULES = YES;
				CLANG_ENABLE_OBJC_ARC = YES;
				CLANG_WARN_BOOL_CONVERSION = YES;
				CLANG_WARN_CONSTANT_CONVERSION = YES;
				CLANG_WARN_DIRECT_OBJC_ISA_USAGE = YES_ERROR;
				CLANG_WARN_EMPTY_BODY = YES;
				CLANG_WARN_ENUM_CONVERSION = YES;
				CLANG_WARN_INT_CONVERSION = YES;
				CLANG_WARN_OBJC_ROOT_CLASS = YES_ERROR;
				CLANG_WARN_UNREACHABLE_CODE = YES;
				CLANG_WARN__DUPLICATE_METHOD_MATCH = YES;
				"CODE_SIGN_IDENTITY[sdk=iphoneos*]" = "iPhone Developer";
				COPY_PHASE_STRIP = NO;
				DEBUG_INFORMATION_FORMAT = dwarf;
				ENABLE_STRICT_OBJC_MSGSEND = YES;
				ENABLE_TESTABILITY = YES;
				GCC_C_LANGUAGE_STANDARD = gnu99;
				GCC_DYNAMIC_NO_PIC = NO;
				GCC_NO_COMMON_BLOCKS = YES;
				GCC_OPTIMIZATION_LEVEL = 0;
				GCC_PREPROCESSOR_DEFINITIONS = (
					"DEBUG=1",
					"$(inherited)",
				);
				GCC_WARN_64_TO_32_BIT_CONVERSION = YES;
				GCC_WARN_ABOUT_RETURN_TYPE = YES_ERROR;
				GCC_WARN_UNDECLARED_SELECTOR = YES;
				GCC_WARN_UNINITIALIZED_AUTOS = YES_AGGRESSIVE;
				GCC_WARN_UNUSED_FUNCTION = YES;
				GCC_WARN_UNUSED_VARIABLE = YES;
				IPHONEOS_DEPLOYMENT_TARGET = 9.1;
				MTL_ENABLE_DEBUG_INFO = YES;
				ONLY_ACTIVE_ARCH = YES;
				SDKROOT = iphoneos;
			};
			name = Debug;
		};
		B206D7781C819EEA00F66DE7 /* Release */ = {
			isa = XCBuildConfiguration;
			buildSettings = {
				ALWAYS_SEARCH_USER_PATHS = NO;
				CLANG_CXX_LANGUAGE_STANDARD = "gnu++0x";
				CLANG_CXX_LIBRARY = "libc++";
				CLANG_ENABLE_MODULES = YES;
				CLANG_ENABLE_OBJC_ARC = YES;
				CLANG_WARN_BOOL_CONVERSION = YES;
				CLANG_WARN_CONSTANT_CONVERSION = YES;
				CLANG_WARN_DIRECT_OBJC_ISA_USAGE = YES_ERROR;
				CLANG_WARN_EMPTY_BODY = YES;
				CLANG_WARN_ENUM_CONVERSION = YES;
				CLANG_WARN_INT_CONVERSION = YES;
				CLANG_WARN_OBJC_ROOT_CLASS = YES_ERROR;
				CLANG_WARN_UNREACHABLE_CODE = YES;
				CLANG_WARN__DUPLICATE_METHOD_MATCH = YES;
				"CODE_SIGN_IDENTITY[sdk=iphoneos*]" = "iPhone Developer";
				COPY_PHASE_STRIP = NO;
				DEBUG_INFORMATION_FORMAT = "dwarf-with-dsym";
				ENABLE_NS_ASSERTIONS = NO;
				ENABLE_STRICT_OBJC_MSGSEND = YES;
				GCC_C_LANGUAGE_STANDARD = gnu99;
				GCC_NO_COMMON_BLOCKS = YES;
				GCC_WARN_64_TO_32_BIT_CONVERSION = YES;
				GCC_WARN_ABOUT_RETURN_TYPE = YES_ERROR;
				GCC_WARN_UNDECLARED_SELECTOR = YES;
				GCC_WARN_UNINITIALIZED_AUTOS = YES_AGGRESSIVE;
				GCC_WARN_UNUSED_FUNCTION = YES;
				GCC_WARN_UNUSED_VARIABLE = YES;
				IPHONEOS_DEPLOYMENT_TARGET = 9.1;
				MTL_ENABLE_DEBUG_INFO = NO;
				SDKROOT = iphoneos;
				VALIDATE_PRODUCT = YES;
			};
			name = Release;
		};
		B206D77A1C819EEA00F66DE7 /* Debug */ = {
			isa = XCBuildConfiguration;
			baseConfigurationReference = 7B6F547DC1F87277E026EF33 /* Pods.debug.xcconfig */;
			buildSettings = {
				ASSETCATALOG_COMPILER_APPICON_NAME = AppIcon;
				DEVELOPMENT_TEAM = KJ2S48C9J9;
				INFOPLIST_FILE = HdataBase/Info.plist;
				LD_RUNPATH_SEARCH_PATHS = "$(inherited) @executable_path/Frameworks";
				PRODUCT_BUNDLE_IDENTIFIER = com.spacecg.HdataBase;
				PRODUCT_NAME = "$(TARGET_NAME)";
			};
			name = Debug;
		};
		B206D77B1C819EEA00F66DE7 /* Release */ = {
			isa = XCBuildConfiguration;
			baseConfigurationReference = 5B7EF3FFCC998DA823D20152 /* Pods.release.xcconfig */;
			buildSettings = {
				ASSETCATALOG_COMPILER_APPICON_NAME = AppIcon;
				DEVELOPMENT_TEAM = KJ2S48C9J9;
				INFOPLIST_FILE = HdataBase/Info.plist;
				LD_RUNPATH_SEARCH_PATHS = "$(inherited) @executable_path/Frameworks";
				PRODUCT_BUNDLE_IDENTIFIER = com.spacecg.HdataBase;
				PRODUCT_NAME = "$(TARGET_NAME)";
			};
			name = Release;
		};
		B206D77D1C819EEA00F66DE7 /* Debug */ = {
			isa = XCBuildConfiguration;
			buildSettings = {
				BUNDLE_LOADER = "$(TEST_HOST)";
				INFOPLIST_FILE = HdataBaseTests/Info.plist;
				LD_RUNPATH_SEARCH_PATHS = "$(inherited) @executable_path/Frameworks @loader_path/Frameworks";
				PRODUCT_BUNDLE_IDENTIFIER = com.spacecg.HdataBaseTests;
				PRODUCT_NAME = "$(TARGET_NAME)";
				TEST_HOST = "$(BUILT_PRODUCTS_DIR)/HdataBase.app/HdataBase";
			};
			name = Debug;
		};
		B206D77E1C819EEA00F66DE7 /* Release */ = {
			isa = XCBuildConfiguration;
			buildSettings = {
				BUNDLE_LOADER = "$(TEST_HOST)";
				INFOPLIST_FILE = HdataBaseTests/Info.plist;
				LD_RUNPATH_SEARCH_PATHS = "$(inherited) @executable_path/Frameworks @loader_path/Frameworks";
				PRODUCT_BUNDLE_IDENTIFIER = com.spacecg.HdataBaseTests;
				PRODUCT_NAME = "$(TARGET_NAME)";
				TEST_HOST = "$(BUILT_PRODUCTS_DIR)/HdataBase.app/HdataBase";
			};
			name = Release;
		};
		B206D7801C819EEA00F66DE7 /* Debug */ = {
			isa = XCBuildConfiguration;
			buildSettings = {
				INFOPLIST_FILE = HdataBaseUITests/Info.plist;
				LD_RUNPATH_SEARCH_PATHS = "$(inherited) @executable_path/Frameworks @loader_path/Frameworks";
				PRODUCT_BUNDLE_IDENTIFIER = com.spacecg.HdataBaseUITests;
				PRODUCT_NAME = "$(TARGET_NAME)";
				TEST_TARGET_NAME = HdataBase;
				USES_XCTRUNNER = YES;
			};
			name = Debug;
		};
		B206D7811C819EEA00F66DE7 /* Release */ = {
			isa = XCBuildConfiguration;
			buildSettings = {
				INFOPLIST_FILE = HdataBaseUITests/Info.plist;
				LD_RUNPATH_SEARCH_PATHS = "$(inherited) @executable_path/Frameworks @loader_path/Frameworks";
				PRODUCT_BUNDLE_IDENTIFIER = com.spacecg.HdataBaseUITests;
				PRODUCT_NAME = "$(TARGET_NAME)";
				TEST_TARGET_NAME = HdataBase;
				USES_XCTRUNNER = YES;
			};
			name = Release;
		};
/* End XCBuildConfiguration section */

/* Begin XCConfigurationList section */
		B206D7471C819EE900F66DE7 /* Build configuration list for PBXProject "HdataBase" */ = {
			isa = XCConfigurationList;
			buildConfigurations = (
				B206D7771C819EEA00F66DE7 /* Debug */,
				B206D7781C819EEA00F66DE7 /* Release */,
			);
			defaultConfigurationIsVisible = 0;
			defaultConfigurationName = Release;
		};
		B206D7791C819EEA00F66DE7 /* Build configuration list for PBXNativeTarget "HdataBase" */ = {
			isa = XCConfigurationList;
			buildConfigurations = (
				B206D77A1C819EEA00F66DE7 /* Debug */,
				B206D77B1C819EEA00F66DE7 /* Release */,
			);
			defaultConfigurationIsVisible = 0;
			defaultConfigurationName = Release;
		};
		B206D77C1C819EEA00F66DE7 /* Build configuration list for PBXNativeTarget "HdataBaseTests" */ = {
			isa = XCConfigurationList;
			buildConfigurations = (
				B206D77D1C819EEA00F66DE7 /* Debug */,
				B206D77E1C819EEA00F66DE7 /* Release */,
			);
			defaultConfigurationIsVisible = 0;
			defaultConfigurationName = Release;
		};
		B206D77F1C819EEA00F66DE7 /* Build configuration list for PBXNativeTarget "HdataBaseUITests" */ = {
			isa = XCConfigurationList;
			buildConfigurations = (
				B206D7801C819EEA00F66DE7 /* Debug */,
				B206D7811C819EEA00F66DE7 /* Release */,
			);
			defaultConfigurationIsVisible = 0;
			defaultConfigurationName = Release;
		};
/* End XCConfigurationList section */
	};
	rootObject = B206D7441C819EE900F66DE7 /* Project object */;
}
