// !$*UTF8*$!
{
	archiveVersion = 1;
	classes = {
	};
	objectVersion = 46;
	objects = {

/* Begin PBXBuildFile section */
		B206D7511C819EEA00F66DE7 /* main.m in Sources */ = {isa = PBXBuildFile; fileRef = B206D7501C819EEA00F66DE7 /* main.m */; };
		B206D7541C819EEA00F66DE7 /* AppDelegate.m in Sources */ = {isa = PBXBuildFile; fileRef = B206D7531C819EEA00F66DE7 /* AppDelegate.m */; };
		B206D7571C819EEA00F66DE7 /* ViewController.m in Sources */ = {isa = PBXBuildFile; fileRef = B206D7561C819EEA00F66DE7 /* ViewController.m */; };
		B206D75A1C819EEA00F66DE7 /* Main.storyboard in Resources */ = {isa = PBXBuildFile; fileRef = B206D7581C819EEA00F66DE7 /* Main.storyboard */; };
		B206D75C1C819EEA00F66DE7 /* Assets.xcassets in Resources */ = {isa = PBXBuildFile; fileRef = B206D75B1C819EEA00F66DE7 /* Assets.xcassets */; };
		B206D75F1C819EEA00F66DE7 /* LaunchScreen.storyboard in Resources */ = {isa = PBXBuildFile; fileRef = B206D75D1C819EEA00F66DE7 /* LaunchScreen.storyboard */; };
		B206D76A1C819EEA00F66DE7 /* HdataBaseTests.m in Sources */ = {isa = PBXBuildFile; fileRef = B206D7691C819EEA00F66DE7 /* HdataBaseTests.m */; };
		B206D7751C819EEA00F66DE7 /* HdataBaseUITests.m in Sources */ = {isa = PBXBuildFile; fileRef = B206D7741C819EEA00F66DE7 /* HdataBaseUITests.m */; };
		B206D7911C81A2B900F66DE7 /* student.m in Sources */ = {isa = PBXBuildFile; fileRef = B206D7901C81A2B900F66DE7 /* student.m */; };
		B206D7941C81A45A00F66DE7 /* propertyViewControoler.m in Sources */ = {isa = PBXBuildFile; fileRef = B206D7931C81A45A00F66DE7 /* propertyViewControoler.m */; };
		B206D7961C81A48500F66DE7 /* propertyViewControoler.xib in Resources */ = {isa = PBXBuildFile; fileRef = B206D7951C81A48500F66DE7 /* propertyViewControoler.xib */; };
		B206D7991C81AA1E00F66DE7 /* resultTableViewController.m in Sources */ = {isa = PBXBuildFile; fileRef = B206D7981C81AA1E00F66DE7 /* resultTableViewController.m */; };
		B206D79B1C81ACC400F66DE7 /* libsqlite3.tbd in Frameworks */ = {isa = PBXBuildFile; fileRef = B206D79A1C81ACC400F66DE7 /* libsqlite3.tbd */; };
		CA38D22BB8FB7B2F32295E0E /* libPods.a in Frameworks */ = {isa = PBXBuildFile; fileRef = 5E2104D617ACF2DF7CEA93C3 /* libPods.a */; };
		DB02592A1D196FE100F6785B /* teacher.m in Sources */ = {isa = PBXBuildFile; fileRef = DB0259291D196FE100F6785B /* teacher.m */; };
		DB196E2A1EA9EDAB002C0622 /* NSArray+class.m in Sources */ = {isa = PBXBuildFile; fileRef = DB196DFB1EA9EDAB002C0622 /* NSArray+class.m */; };
		DB196E2B1EA9EDAB002C0622 /* NSMutableArray+class.m in Sources */ = {isa = PBXBuildFile; fileRef = DB196DFD1EA9EDAB002C0622 /* NSMutableArray+class.m */; };
		DB196E2C1EA9EDAB002C0622 /* NSMutableAttributedString+class.m in Sources */ = {isa = PBXBuildFile; fileRef = DB196DFF1EA9EDAB002C0622 /* NSMutableAttributedString+class.m */; };
		DB196E2D1EA9EDAB002C0622 /* NSMutableString+class.m in Sources */ = {isa = PBXBuildFile; fileRef = DB196E011EA9EDAB002C0622 /* NSMutableString+class.m */; };
		DB196E2E1EA9EDAB002C0622 /* NSNumber+class.m in Sources */ = {isa = PBXBuildFile; fileRef = DB196E031EA9EDAB002C0622 /* NSNumber+class.m */; };
		DB196E2F1EA9EDAB002C0622 /* NSString+class.m in Sources */ = {isa = PBXBuildFile; fileRef = DB196E051EA9EDAB002C0622 /* NSString+class.m */; };
		DB196E301EA9EDAB002C0622 /* DataBaseConnect.m in Sources */ = {isa = PBXBuildFile; fileRef = DB196E081EA9EDAB002C0622 /* DataBaseConnect.m */; };
		DB196E311EA9EDAB002C0622 /* DBManager.m in Sources */ = {isa = PBXBuildFile; fileRef = DB196E0A1EA9EDAB002C0622 /* DBManager.m */; };
		DB196E321EA9EDAB002C0622 /* IvarInfomation.m in Sources */ = {isa = PBXBuildFile; fileRef = DB196E0C1EA9EDAB002C0622 /* IvarInfomation.m */; };
		DB196E331EA9EDAB002C0622 /* NSObject+Base.m in Sources */ = {isa = PBXBuildFile; fileRef = DB196E0E1EA9EDAB002C0622 /* NSObject+Base.m */; };
		DB196E341EA9EDAB002C0622 /* DBBaseTarget.m in Sources */ = {isa = PBXBuildFile; fileRef = DB196E121EA9EDAB002C0622 /* DBBaseTarget.m */; };
		DB196E351EA9EDAB002C0622 /* ArrayProperty.m in Sources */ = {isa = PBXBuildFile; fileRef = DB196E161EA9EDAB002C0622 /* ArrayProperty.m */; };
		DB196E361EA9EDAB002C0622 /* ClassProperty.m in Sources */ = {isa = PBXBuildFile; fileRef = DB196E181EA9EDAB002C0622 /* ClassProperty.m */; };
		DB196E371EA9EDAB002C0622 /* GeneralProperty.m in Sources */ = {isa = PBXBuildFile; fileRef = DB196E1A1EA9EDAB002C0622 /* GeneralProperty.m */; };
		DB196E381EA9EDAB002C0622 /* IDProperty.m in Sources */ = {isa = PBXBuildFile; fileRef = DB196E1C1EA9EDAB002C0622 /* IDProperty.m */; };
		DB196E391EA9EDAB002C0622 /* NumberProperty.m in Sources */ = {isa = PBXBuildFile; fileRef = DB196E1E1EA9EDAB002C0622 /* NumberProperty.m */; };
		DB196E3A1EA9EDAB002C0622 /* Property.m in Sources */ = {isa = PBXBuildFile; fileRef = DB196E201EA9EDAB002C0622 /* Property.m */; };
		DB196E3B1EA9EDAB002C0622 /* PropertyFactory.m in Sources */ = {isa = PBXBuildFile; fileRef = DB196E221EA9EDAB002C0622 /* PropertyFactory.m */; };
		DB196E3C1EA9EDAB002C0622 /* SELProperty.m in Sources */ = {isa = PBXBuildFile; fileRef = DB196E251EA9EDAB002C0622 /* SELProperty.m */; };
		DB196E3D1EA9EDAB002C0622 /* StructProperty.m in Sources */ = {isa = PBXBuildFile; fileRef = DB196E271EA9EDAB002C0622 /* StructProperty.m */; };
		DB196E3E1EA9EDAB002C0622 /* TargetProperty.m in Sources */ = {isa = PBXBuildFile; fileRef = DB196E291EA9EDAB002C0622 /* TargetProperty.m */; };
/* End PBXBuildFile section */

/* Begin PBXContainerItemProxy section */
		B206D7661C819EEA00F66DE7 /* PBXContainerItemProxy */ = {
			isa = PBXContainerItemProxy;
			containerPortal = B206D7441C819EE900F66DE7 /* Project object */;
			proxyType = 1;
			remoteGlobalIDString = B206D74B1C819EE900F66DE7;
			remoteInfo = HdataBase;
		};
		B206D7711C819EEA00F66DE7 /* PBXContainerItemProxy */ = {
			isa = PBXContainerItemProxy;
			containerPortal = B206D7441C819EE900F66DE7 /* Project object */;
			proxyType = 1;
			remoteGlobalIDString = B206D74B1C819EE900F66DE7;
			remoteInfo = HdataBase;
		};
/* End PBXContainerItemProxy section */

/* Begin PBXFileReference section */
		5B7EF3FFCC998DA823D20152 /* Pods.release.xcconfig */ = {isa = PBXFileReference; includeInIndex = 1; lastKnownFileType = text.xcconfig; name = Pods.release.xcconfig; path = "Pods/Target Support Files/Pods/Pods.release.xcconfig"; sourceTree = "<group>"; };
		5E2104D617ACF2DF7CEA93C3 /* libPods.a */ = {isa = PBXFileReference; explicitFileType = archive.ar; includeInIndex = 0; path = libPods.a; sourceTree = BUILT_PRODUCTS_DIR; };
		7B6F547DC1F87277E026EF33 /* Pods.debug.xcconfig */ = {isa = PBXFileReference; includeInIndex = 1; lastKnownFileType = text.xcconfig; name = Pods.debug.xcconfig; path = "Pods/Target Support Files/Pods/Pods.debug.xcconfig"; sourceTree = "<group>"; };
		B206D74C1C819EE900F66DE7 /* HdataBase.app */ = {isa = PBXFileReference; explicitFileType = wrapper.application; includeInIndex = 0; path = HdataBase.app; sourceTree = BUILT_PRODUCTS_DIR; };
		B206D7501C819EEA00F66DE7 /* main.m */ = {isa = PBXFileReference; lastKnownFileType = sourcecode.c.objc; path = main.m; sourceTree = "<group>"; };
		B206D7521C819EEA00F66DE7 /* AppDelegate.h */ = {isa = PBXFileReference; lastKnownFileType = sourcecode.c.h; path = AppDelegate.h; sourceTree = "<group>"; };
		B206D7531C819EEA00F66DE7 /* AppDelegate.m */ = {isa = PBXFileReference; lastKnownFileType = sourcecode.c.objc; path = AppDelegate.m; sourceTree = "<group>"; };
		B206D7551C819EEA00F66DE7 /* ViewController.h */ = {isa = PBXFileReference; lastKnownFileType = sourcecode.c.h; path = ViewController.h; sourceTree = "<group>"; };
		B206D7561C819EEA00F66DE7 /* ViewController.m */ = {isa = PBXFileReference; lastKnownFileType = sourcecode.c.objc; path = ViewController.m; sourceTree = "<group>"; };
		B206D7591C819EEA00F66DE7 /* Base */ = {isa = PBXFileReference; lastKnownFileType = file.storyboard; name = Base; path = Base.lproj/Main.storyboard; sourceTree = "<group>"; };
		B206D75B1C819EEA00F66DE7 /* Assets.xcassets */ = {isa = PBXFileReference; lastKnownFileType = folder.assetcatalog; path = Assets.xcassets; sourceTree = "<group>"; };
		B206D75E1C819EEA00F66DE7 /* Base */ = {isa = PBXFileReference; lastKnownFileType = file.storyboard; name = Base; path = Base.lproj/LaunchScreen.storyboard; sourceTree = "<group>"; };
		B206D7601C819EEA00F66DE7 /* Info.plist */ = {isa = PBXFileReference; lastKnownFileType = text.plist.xml; path = Info.plist; sourceTree = "<group>"; };
		B206D7651C819EEA00F66DE7 /* HdataBaseTests.xctest */ = {isa = PBXFileReference; explicitFileType = wrapper.cfbundle; includeInIndex = 0; path = HdataBaseTests.xctest; sourceTree = BUILT_PRODUCTS_DIR; };
		B206D7691C819EEA00F66DE7 /* HdataBaseTests.m */ = {isa = PBXFileReference; lastKnownFileType = sourcecode.c.objc; path = HdataBaseTests.m; sourceTree = "<group>"; };
		B206D76B1C819EEA00F66DE7 /* Info.plist */ = {isa = PBXFileReference; lastKnownFileType = text.plist.xml; path = Info.plist; sourceTree = "<group>"; };
		B206D7701C819EEA00F66DE7 /* HdataBaseUITests.xctest */ = {isa = PBXFileReference; explicitFileType = wrapper.cfbundle; includeInIndex = 0; path = HdataBaseUITests.xctest; sourceTree = BUILT_PRODUCTS_DIR; };
		B206D7741C819EEA00F66DE7 /* HdataBaseUITests.m */ = {isa = PBXFileReference; lastKnownFileType = sourcecode.c.objc; path = HdataBaseUITests.m; sourceTree = "<group>"; };
		B206D7761C819EEA00F66DE7 /* Info.plist */ = {isa = PBXFileReference; lastKnownFileType = text.plist.xml; path = Info.plist; sourceTree = "<group>"; };
		B206D78F1C81A2B900F66DE7 /* student.h */ = {isa = PBXFileReference; fileEncoding = 4; lastKnownFileType = sourcecode.c.h; path = student.h; sourceTree = "<group>"; };
		B206D7901C81A2B900F66DE7 /* student.m */ = {isa = PBXFileReference; fileEncoding = 4; lastKnownFileType = sourcecode.c.objc; path = student.m; sourceTree = "<group>"; };
		B206D7921C81A45A00F66DE7 /* propertyViewControoler.h */ = {isa = PBXFileReference; fileEncoding = 4; lastKnownFileType = sourcecode.c.h; path = propertyViewControoler.h; sourceTree = "<group>"; };
		B206D7931C81A45A00F66DE7 /* propertyViewControoler.m */ = {isa = PBXFileReference; fileEncoding = 4; lastKnownFileType = sourcecode.c.objc; path = propertyViewControoler.m; sourceTree = "<group>"; };
		B206D7951C81A48500F66DE7 /* propertyViewControoler.xib */ = {isa = PBXFileReference; fileEncoding = 4; lastKnownFileType = file.xib; path = propertyViewControoler.xib; sourceTree = "<group>"; };
		B206D7971C81AA1E00F66DE7 /* resultTableViewController.h */ = {isa = PBXFileReference; fileEncoding = 4; lastKnownFileType = sourcecode.c.h; path = resultTableViewController.h; sourceTree = "<group>"; };
		B206D7981C81AA1E00F66DE7 /* resultTableViewController.m */ = {isa = PBXFileReference; fileEncoding = 4; lastKnownFileType = sourcecode.c.objc; path = resultTableViewController.m; sourceTree = "<group>"; };
		B206D79A1C81ACC400F66DE7 /* libsqlite3.tbd */ = {isa = PBXFileReference; lastKnownFileType = "sourcecode.text-based-dylib-definition"; name = libsqlite3.tbd; path = usr/lib/libsqlite3.tbd; sourceTree = SDKROOT; };
		DB0259281D196FE100F6785B /* teacher.h */ = {isa = PBXFileReference; fileEncoding = 4; lastKnownFileType = sourcecode.c.h; path = teacher.h; sourceTree = "<group>"; };
		DB0259291D196FE100F6785B /* teacher.m */ = {isa = PBXFileReference; fileEncoding = 4; lastKnownFileType = sourcecode.c.objc; path = teacher.m; sourceTree = "<group>"; };
		DB196DF91EA9EDAB002C0622 /* classExtension.h */ = {isa = PBXFileReference; fileEncoding = 4; lastKnownFileType = sourcecode.c.h; path = classExtension.h; sourceTree = "<group>"; };
		DB196DFA1EA9EDAB002C0622 /* NSArray+class.h */ = {isa = PBXFileReference; fileEncoding = 4; lastKnownFileType = sourcecode.c.h; path = "NSArray+class.h"; sourceTree = "<group>"; };
		DB196DFB1EA9EDAB002C0622 /* NSArray+class.m */ = {isa = PBXFileReference; fileEncoding = 4; lastKnownFileType = sourcecode.c.objc; path = "NSArray+class.m"; sourceTree = "<group>"; };
		DB196DFC1EA9EDAB002C0622 /* NSMutableArray+class.h */ = {isa = PBXFileReference; fileEncoding = 4; lastKnownFileType = sourcecode.c.h; path = "NSMutableArray+class.h"; sourceTree = "<group>"; };
		DB196DFD1EA9EDAB002C0622 /* NSMutableArray+class.m */ = {isa = PBXFileReference; fileEncoding = 4; lastKnownFileType = sourcecode.c.objc; path = "NSMutableArray+class.m"; sourceTree = "<group>"; };
		DB196DFE1EA9EDAB002C0622 /* NSMutableAttributedString+class.h */ = {isa = PBXFileReference; fileEncoding = 4; lastKnownFileType = sourcecode.c.h; path = "NSMutableAttributedString+class.h"; sourceTree = "<group>"; };
		DB196DFF1EA9EDAB002C0622 /* NSMutableAttributedString+class.m */ = {isa = PBXFileReference; fileEncoding = 4; lastKnownFileType = sourcecode.c.objc; path = "NSMutableAttributedString+class.m"; sourceTree = "<group>"; };
		DB196E001EA9EDAB002C0622 /* NSMutableString+class.h */ = {isa = PBXFileReference; fileEncoding = 4; lastKnownFileType = sourcecode.c.h; path = "NSMutableString+class.h"; sourceTree = "<group>"; };
		DB196E011EA9EDAB002C0622 /* NSMutableString+class.m */ = {isa = PBXFileReference; fileEncoding = 4; lastKnownFileType = sourcecode.c.objc; path = "NSMutableString+class.m"; sourceTree = "<group>"; };
		DB196E021EA9EDAB002C0622 /* NSNumber+class.h */ = {isa = PBXFileReference; fileEncoding = 4; lastKnownFileType = sourcecode.c.h; path = "NSNumber+class.h"; sourceTree = "<group>"; };
		DB196E031EA9EDAB002C0622 /* NSNumber+class.m */ = {isa = PBXFileReference; fileEncoding = 4; lastKnownFileType = sourcecode.c.objc; path = "NSNumber+class.m"; sourceTree = "<group>"; };
		DB196E041EA9EDAB002C0622 /* NSString+class.h */ = {isa = PBXFileReference; fileEncoding = 4; lastKnownFileType = sourcecode.c.h; path = "NSString+class.h"; sourceTree = "<group>"; };
		DB196E051EA9EDAB002C0622 /* NSString+class.m */ = {isa = PBXFileReference; fileEncoding = 4; lastKnownFileType = sourcecode.c.objc; path = "NSString+class.m"; sourceTree = "<group>"; };
		DB196E071EA9EDAB002C0622 /* DataBaseConnect.h */ = {isa = PBXFileReference; fileEncoding = 4; lastKnownFileType = sourcecode.c.h; path = DataBaseConnect.h; sourceTree = "<group>"; };
		DB196E081EA9EDAB002C0622 /* DataBaseConnect.m */ = {isa = PBXFileReference; fileEncoding = 4; lastKnownFileType = sourcecode.c.objc; path = DataBaseConnect.m; sourceTree = "<group>"; };
		DB196E091EA9EDAB002C0622 /* DBManager.h */ = {isa = PBXFileReference; fileEncoding = 4; lastKnownFileType = sourcecode.c.h; path = DBManager.h; sourceTree = "<group>"; };
		DB196E0A1EA9EDAB002C0622 /* DBManager.m */ = {isa = PBXFileReference; fileEncoding = 4; lastKnownFileType = sourcecode.c.objc; path = DBManager.m; sourceTree = "<group>"; };
		DB196E0B1EA9EDAB002C0622 /* IvarInfomation.h */ = {isa = PBXFileReference; fileEncoding = 4; lastKnownFileType = sourcecode.c.h; path = IvarInfomation.h; sourceTree = "<group>"; };
		DB196E0C1EA9EDAB002C0622 /* IvarInfomation.m */ = {isa = PBXFileReference; fileEncoding = 4; lastKnownFileType = sourcecode.c.objc; path = IvarInfomation.m; sourceTree = "<group>"; };
		DB196E0D1EA9EDAB002C0622 /* NSObject+Base.h */ = {isa = PBXFileReference; fileEncoding = 4; lastKnownFileType = sourcecode.c.h; path = "NSObject+Base.h"; sourceTree = "<group>"; };
		DB196E0E1EA9EDAB002C0622 /* NSObject+Base.m */ = {isa = PBXFileReference; fileEncoding = 4; lastKnownFileType = sourcecode.c.objc; path = "NSObject+Base.m"; sourceTree = "<group>"; };
		DB196E0F1EA9EDAB002C0622 /* DBArhiever.h */ = {isa = PBXFileReference; fileEncoding = 4; lastKnownFileType = sourcecode.c.h; path = DBArhiever.h; sourceTree = "<group>"; };
		DB196E111EA9EDAB002C0622 /* DBBaseTarget.h */ = {isa = PBXFileReference; fileEncoding = 4; lastKnownFileType = sourcecode.c.h; path = DBBaseTarget.h; sourceTree = "<group>"; };
		DB196E121EA9EDAB002C0622 /* DBBaseTarget.m */ = {isa = PBXFileReference; fileEncoding = 4; lastKnownFileType = sourcecode.c.objc; path = DBBaseTarget.m; sourceTree = "<group>"; };
		DB196E131EA9EDAB002C0622 /* DBBaseTargetProtocol.h */ = {isa = PBXFileReference; fileEncoding = 4; lastKnownFileType = sourcecode.c.h; path = DBBaseTargetProtocol.h; sourceTree = "<group>"; };
		DB196E151EA9EDAB002C0622 /* ArrayProperty.h */ = {isa = PBXFileReference; fileEncoding = 4; lastKnownFileType = sourcecode.c.h; path = ArrayProperty.h; sourceTree = "<group>"; };
		DB196E161EA9EDAB002C0622 /* ArrayProperty.m */ = {isa = PBXFileReference; fileEncoding = 4; lastKnownFileType = sourcecode.c.objc; path = ArrayProperty.m; sourceTree = "<group>"; };
		DB196E171EA9EDAB002C0622 /* ClassProperty.h */ = {isa = PBXFileReference; fileEncoding = 4; lastKnownFileType = sourcecode.c.h; path = ClassProperty.h; sourceTree = "<group>"; };
		DB196E181EA9EDAB002C0622 /* ClassProperty.m */ = {isa = PBXFileReference; fileEncoding = 4; lastKnownFileType = sourcecode.c.objc; path = ClassProperty.m; sourceTree = "<group>"; };
		DB196E191EA9EDAB002C0622 /* GeneralProperty.h */ = {isa = PBXFileReference; fileEncoding = 4; lastKnownFileType = sourcecode.c.h; path = GeneralProperty.h; sourceTree = "<group>"; };
		DB196E1A1EA9EDAB002C0622 /* GeneralProperty.m */ = {isa = PBXFileReference; fileEncoding = 4; lastKnownFileType = sourcecode.c.objc; path = GeneralProperty.m; sourceTree = "<group>"; };
		DB196E1B1EA9EDAB002C0622 /* IDProperty.h */ = {isa = PBXFileReference; fileEncoding = 4; lastKnownFileType = sourcecode.c.h; path = IDProperty.h; sourceTree = "<group>"; };
		DB196E1C1EA9EDAB002C0622 /* IDProperty.m */ = {isa = PBXFileReference; fileEncoding = 4; lastKnownFileType = sourcecode.c.objc; path = IDProperty.m; sourceTree = "<group>"; };
		DB196E1D1EA9EDAB002C0622 /* NumberProperty.h */ = {isa = PBXFileReference; fileEncoding = 4; lastKnownFileType = sourcecode.c.h; path = NumberProperty.h; sourceTree = "<group>"; };
		DB196E1E1EA9EDAB002C0622 /* NumberProperty.m */ = {isa = PBXFileReference; fileEncoding = 4; lastKnownFileType = sourcecode.c.objc; path = NumberProperty.m; sourceTree = "<group>"; };
		DB196E1F1EA9EDAB002C0622 /* Property.h */ = {isa = PBXFileReference; fileEncoding = 4; lastKnownFileType = sourcecode.c.h; path = Property.h; sourceTree = "<group>"; };
		DB196E201EA9EDAB002C0622 /* Property.m */ = {isa = PBXFileReference; fileEncoding = 4; lastKnownFileType = sourcecode.c.objc; path = Property.m; sourceTree = "<group>"; };
		DB196E211EA9EDAB002C0622 /* PropertyFactory.h */ = {isa = PBXFileReference; fileEncoding = 4; lastKnownFileType = sourcecode.c.h; path = PropertyFactory.h; sourceTree = "<group>"; };
		DB196E221EA9EDAB002C0622 /* PropertyFactory.m */ = {isa = PBXFileReference; fileEncoding = 4; lastKnownFileType = sourcecode.c.objc; path = PropertyFactory.m; sourceTree = "<group>"; };
		DB196E231EA9EDAB002C0622 /* propertys.h */ = {isa = PBXFileReference; fileEncoding = 4; lastKnownFileType = sourcecode.c.h; path = propertys.h; sourceTree = "<group>"; };
		DB196E241EA9EDAB002C0622 /* SELProperty.h */ = {isa = PBXFileReference; fileEncoding = 4; lastKnownFileType = sourcecode.c.h; path = SELProperty.h; sourceTree = "<group>"; };
		DB196E251EA9EDAB002C0622 /* SELProperty.m */ = {isa = PBXFileReference; fileEncoding = 4; lastKnownFileType = sourcecode.c.objc; path = SELProperty.m; sourceTree = "<group>"; };
		DB196E261EA9EDAB002C0622 /* StructProperty.h */ = {isa = PBXFileReference; fileEncoding = 4; lastKnownFileType = sourcecode.c.h; path = StructProperty.h; sourceTree = "<group>"; };
		DB196E271EA9EDAB002C0622 /* StructProperty.m */ = {isa = PBXFileReference; fileEncoding = 4; lastKnownFileType = sourcecode.c.objc; path = StructProperty.m; sourceTree = "<group>"; };
		DB196E281EA9EDAB002C0622 /* TargetProperty.h */ = {isa = PBXFileReference; fileEncoding = 4; lastKnownFileType = sourcecode.c.h; path = TargetProperty.h; sourceTree = "<group>"; };
		DB196E291EA9EDAB002C0622 /* TargetProperty.m */ = {isa = PBXFileReference; fileEncoding = 4; lastKnownFileType = sourcecode.c.objc; path = TargetProperty.m; sourceTree = "<group>"; };
/* End PBXFileReference section */

/* Begin PBXFrameworksBuildPhase section */
		B206D7491C819EE900F66DE7 /* Frameworks */ = {
			isa = PBXFrameworksBuildPhase;
			buildActionMask = 2147483647;
			files = (
				B206D79B1C81ACC400F66DE7 /* libsqlite3.tbd in Frameworks */,
				CA38D22BB8FB7B2F32295E0E /* libPods.a in Frameworks */,
			);
			runOnlyForDeploymentPostprocessing = 0;
		};
		B206D7621C819EEA00F66DE7 /* Frameworks */ = {
			isa = PBXFrameworksBuildPhase;
			buildActionMask = 2147483647;
			files = (
			);
			runOnlyForDeploymentPostprocessing = 0;
		};
		B206D76D1C819EEA00F66DE7 /* Frameworks */ = {
			isa = PBXFrameworksBuildPhase;
			buildActionMask = 2147483647;
			files = (
			);
			runOnlyForDeploymentPostprocessing = 0;
		};
/* End PBXFrameworksBuildPhase section */

/* Begin PBXGroup section */
		AC21DFF546B5FE5FB0867849 /* Pods */ = {
			isa = PBXGroup;
			children = (
				7B6F547DC1F87277E026EF33 /* Pods.debug.xcconfig */,
				5B7EF3FFCC998DA823D20152 /* Pods.release.xcconfig */,
			);
			name = Pods;
			sourceTree = "<group>";
		};
		B206D7431C819EE900F66DE7 = {
			isa = PBXGroup;
			children = (
				B206D74E1C819EE900F66DE7 /* HdataBase */,
				B206D7681C819EEA00F66DE7 /* HdataBaseTests */,
				B206D7731C819EEA00F66DE7 /* HdataBaseUITests */,
				B206D74D1C819EE900F66DE7 /* Products */,
				AC21DFF546B5FE5FB0867849 /* Pods */,
				BD350D15827568977EB0488C /* Frameworks */,
			);
			sourceTree = "<group>";
		};
		B206D74D1C819EE900F66DE7 /* Products */ = {
			isa = PBXGroup;
			children = (
				B206D74C1C819EE900F66DE7 /* HdataBase.app */,
				B206D7651C819EEA00F66DE7 /* HdataBaseTests.xctest */,
				B206D7701C819EEA00F66DE7 /* HdataBaseUITests.xctest */,
			);
			name = Products;
			sourceTree = "<group>";
		};
		B206D74E1C819EE900F66DE7 /* HdataBase */ = {
			isa = PBXGroup;
			children = (
				DB196DF71EA9EDAB002C0622 /* HDataArhiever */,
				B206D7521C819EEA00F66DE7 /* AppDelegate.h */,
				B206D7531C819EEA00F66DE7 /* AppDelegate.m */,
				B206D7551C819EEA00F66DE7 /* ViewController.h */,
				B206D7561C819EEA00F66DE7 /* ViewController.m */,
				B206D78E1C81A2AB00F66DE7 /* model */,
				B206D78C1C81A29100F66DE7 /* controller */,
				B206D7581C819EEA00F66DE7 /* Main.storyboard */,
				B206D75B1C819EEA00F66DE7 /* Assets.xcassets */,
				B206D75D1C819EEA00F66DE7 /* LaunchScreen.storyboard */,
				B206D7601C819EEA00F66DE7 /* Info.plist */,
				B206D74F1C819EEA00F66DE7 /* Supporting Files */,
			);
			path = HdataBase;
			sourceTree = "<group>";
		};
		B206D74F1C819EEA00F66DE7 /* Supporting Files */ = {
			isa = PBXGroup;
			children = (
				B206D7501C819EEA00F66DE7 /* main.m */,
			);
			name = "Supporting Files";
			sourceTree = "<group>";
		};
		B206D7681C819EEA00F66DE7 /* HdataBaseTests */ = {
			isa = PBXGroup;
			children = (
				B206D7691C819EEA00F66DE7 /* HdataBaseTests.m */,
				B206D76B1C819EEA00F66DE7 /* Info.plist */,
			);
			path = HdataBaseTests;
			sourceTree = "<group>";
		};
		B206D7731C819EEA00F66DE7 /* HdataBaseUITests */ = {
			isa = PBXGroup;
			children = (
				B206D7741C819EEA00F66DE7 /* HdataBaseUITests.m */,
				B206D7761C819EEA00F66DE7 /* Info.plist */,
			);
			path = HdataBaseUITests;
			sourceTree = "<group>";
		};
		B206D78C1C81A29100F66DE7 /* controller */ = {
			isa = PBXGroup;
			children = (
				B206D7921C81A45A00F66DE7 /* propertyViewControoler.h */,
				B206D7931C81A45A00F66DE7 /* propertyViewControoler.m */,
				B206D7951C81A48500F66DE7 /* propertyViewControoler.xib */,
				B206D7971C81AA1E00F66DE7 /* resultTableViewController.h */,
				B206D7981C81AA1E00F66DE7 /* resultTableViewController.m */,
			);
			name = controller;
			sourceTree = "<group>";
		};
		B206D78E1C81A2AB00F66DE7 /* model */ = {
			isa = PBXGroup;
			children = (
				B206D78F1C81A2B900F66DE7 /* student.h */,
				B206D7901C81A2B900F66DE7 /* student.m */,
				DB0259281D196FE100F6785B /* teacher.h */,
				DB0259291D196FE100F6785B /* teacher.m */,
			);
			name = model;
			sourceTree = "<group>";
		};
		BD350D15827568977EB0488C /* Frameworks */ = {
			isa = PBXGroup;
			children = (
				B206D79A1C81ACC400F66DE7 /* libsqlite3.tbd */,
				5E2104D617ACF2DF7CEA93C3 /* libPods.a */,
			);
			name = Frameworks;
			sourceTree = "<group>";
		};
		DB196DF71EA9EDAB002C0622 /* HDataArhiever */ = {
			isa = PBXGroup;
			children = (
				DB196DF81EA9EDAB002C0622 /* class */,
				DB196E061EA9EDAB002C0622 /* core */,
				DB196E0F1EA9EDAB002C0622 /* DBArhiever.h */,
				DB196E101EA9EDAB002C0622 /* model */,
				DB196E141EA9EDAB002C0622 /* propertys */,
			);
			path = HDataArhiever;
			sourceTree = "<group>";
		};
		DB196DF81EA9EDAB002C0622 /* class */ = {
			isa = PBXGroup;
			children = (
				DB196DF91EA9EDAB002C0622 /* classExtension.h */,
				DB196DFA1EA9EDAB002C0622 /* NSArray+class.h */,
				DB196DFB1EA9EDAB002C0622 /* NSArray+class.m */,
				DB196DFC1EA9EDAB002C0622 /* NSMutableArray+class.h */,
				DB196DFD1EA9EDAB002C0622 /* NSMutableArray+class.m */,
				DB196DFE1EA9EDAB002C0622 /* NSMutableAttributedString+class.h */,
				DB196DFF1EA9EDAB002C0622 /* NSMutableAttributedString+class.m */,
				DB196E001EA9EDAB002C0622 /* NSMutableString+class.h */,
				DB196E011EA9EDAB002C0622 /* NSMutableString+class.m */,
				DB196E021EA9EDAB002C0622 /* NSNumber+class.h */,
				DB196E031EA9EDAB002C0622 /* NSNumber+class.m */,
				DB196E041EA9EDAB002C0622 /* NSString+class.h */,
				DB196E051EA9EDAB002C0622 /* NSString+class.m */,
			);
			path = class;
			sourceTree = "<group>";
		};
		DB196E061EA9EDAB002C0622 /* core */ = {
			isa = PBXGroup;
			children = (
				DB196E071EA9EDAB002C0622 /* DataBaseConnect.h */,
				DB196E081EA9EDAB002C0622 /* DataBaseConnect.m */,
				DB196E091EA9EDAB002C0622 /* DBManager.h */,
				DB196E0A1EA9EDAB002C0622 /* DBManager.m */,
				DB196E0B1EA9EDAB002C0622 /* IvarInfomation.h */,
				DB196E0C1EA9EDAB002C0622 /* IvarInfomation.m */,
				DB196E0D1EA9EDAB002C0622 /* NSObject+Base.h */,
				DB196E0E1EA9EDAB002C0622 /* NSObject+Base.m */,
			);
			path = core;
			sourceTree = "<group>";
		};
		DB196E101EA9EDAB002C0622 /* model */ = {
			isa = PBXGroup;
			children = (
				DB196E111EA9EDAB002C0622 /* DBBaseTarget.h */,
				DB196E121EA9EDAB002C0622 /* DBBaseTarget.m */,
				DB196E131EA9EDAB002C0622 /* DBBaseTargetProtocol.h */,
			);
			path = model;
			sourceTree = "<group>";
		};
		DB196E141EA9EDAB002C0622 /* propertys */ = {
			isa = PBXGroup;
			children = (
				DB196E151EA9EDAB002C0622 /* ArrayProperty.h */,
				DB196E161EA9EDAB002C0622 /* ArrayProperty.m */,
				DB196E171EA9EDAB002C0622 /* ClassProperty.h */,
				DB196E181EA9EDAB002C0622 /* ClassProperty.m */,
				DB196E191EA9EDAB002C0622 /* GeneralProperty.h */,
				DB196E1A1EA9EDAB002C0622 /* GeneralProperty.m */,
				DB196E1B1EA9EDAB002C0622 /* IDProperty.h */,
				DB196E1C1EA9EDAB002C0622 /* IDProperty.m */,
				DB196E1D1EA9EDAB002C0622 /* NumberProperty.h */,
				DB196E1E1EA9EDAB002C0622 /* NumberProperty.m */,
				DB196E1F1EA9EDAB002C0622 /* Property.h */,
				DB196E201EA9EDAB002C0622 /* Property.m */,
				DB196E211EA9EDAB002C0622 /* PropertyFactory.h */,
				DB196E221EA9EDAB002C0622 /* PropertyFactory.m */,
				DB196E231EA9EDAB002C0622 /* propertys.h */,
				DB196E241EA9EDAB002C0622 /* SELProperty.h */,
				DB196E251EA9EDAB002C0622 /* SELProperty.m */,
				DB196E261EA9EDAB002C0622 /* StructProperty.h */,
				DB196E271EA9EDAB002C0622 /* StructProperty.m */,
				DB196E281EA9EDAB002C0622 /* TargetProperty.h */,
				DB196E291EA9EDAB002C0622 /* TargetProperty.m */,
			);
			path = propertys;
			sourceTree = "<group>";
		};
/* End PBXGroup section */

/* Begin PBXNativeTarget section */
		B206D74B1C819EE900F66DE7 /* HdataBase */ = {
			isa = PBXNativeTarget;
			buildConfigurationList = B206D7791C819EEA00F66DE7 /* Build configuration list for PBXNativeTarget "HdataBase" */;
			buildPhases = (
				DE6395195423952530F23C79 /* Check Pods Manifest.lock */,
				B206D7481C819EE900F66DE7 /* Sources */,
				B206D7491C819EE900F66DE7 /* Frameworks */,
				B206D74A1C819EE900F66DE7 /* Resources */,
				4FD0EE01B4D59CF8F391F20C /* Embed Pods Frameworks */,
				9895F811CB4DD3CF10D1E0C7 /* Copy Pods Resources */,
			);
			buildRules = (
			);
			dependencies = (
			);
			name = HdataBase;
			productName = HdataBase;
			productReference = B206D74C1C819EE900F66DE7 /* HdataBase.app */;
			productType = "com.apple.product-type.application";
		};
		B206D7641C819EEA00F66DE7 /* HdataBaseTests */ = {
			isa = PBXNativeTarget;
			buildConfigurationList = B206D77C1C819EEA00F66DE7 /* Build configuration list for PBXNativeTarget "HdataBaseTests" */;
			buildPhases = (
				B206D7611C819EEA00F66DE7 /* Sources */,
				B206D7621C819EEA00F66DE7 /* Frameworks */,
				B206D7631C819EEA00F66DE7 /* Resources */,
			);
			buildRules = (
			);
			dependencies = (
				B206D7671C819EEA00F66DE7 /* PBXTargetDependency */,
			);
			name = HdataBaseTests;
			productName = HdataBaseTests;
			productReference = B206D7651C819EEA00F66DE7 /* HdataBaseTests.xctest */;
			productType = "com.apple.product-type.bundle.unit-test";
		};
		B206D76F1C819EEA00F66DE7 /* HdataBaseUITests */ = {
			isa = PBXNativeTarget;
			buildConfigurationList = B206D77F1C819EEA00F66DE7 /* Build configuration list for PBXNativeTarget "HdataBaseUITests" */;
			buildPhases = (
				B206D76C1C819EEA00F66DE7 /* Sources */,
				B206D76D1C819EEA00F66DE7 /* Frameworks */,
				B206D76E1C819EEA00F66DE7 /* Resources */,
			);
			buildRules = (
			);
			dependencies = (
				B206D7721C819EEA00F66DE7 /* PBXTargetDependency */,
			);
			name = HdataBaseUITests;
			productName = HdataBaseUITests;
			productReference = B206D7701C819EEA00F66DE7 /* HdataBaseUITests.xctest */;
			productType = "com.apple.product-type.bundle.ui-testing";
		};
/* End PBXNativeTarget section */

/* Begin PBXProject section */
		B206D7441C819EE900F66DE7 /* Project object */ = {
			isa = PBXProject;
			attributes = {
				LastUpgradeCheck = 0710;
				ORGANIZATIONNAME = Space;
				TargetAttributes = {
					B206D74B1C819EE900F66DE7 = {
						CreatedOnToolsVersion = 7.1;
					};
					B206D7641C819EEA00F66DE7 = {
						CreatedOnToolsVersion = 7.1;
						TestTargetID = B206D74B1C819EE900F66DE7;
					};
					B206D76F1C819EEA00F66DE7 = {
						CreatedOnToolsVersion = 7.1;
						TestTargetID = B206D74B1C819EE900F66DE7;
					};
				};
			};
			buildConfigurationList = B206D7471C819EE900F66DE7 /* Build configuration list for PBXProject "HdataBase" */;
			compatibilityVersion = "Xcode 3.2";
			developmentRegion = English;
			hasScannedForEncodings = 0;
			knownRegions = (
				en,
				Base,
			);
			mainGroup = B206D7431C819EE900F66DE7;
			productRefGroup = B206D74D1C819EE900F66DE7 /* Products */;
			projectDirPath = "";
			projectRoot = "";
			targets = (
				B206D74B1C819EE900F66DE7 /* HdataBase */,
				B206D7641C819EEA00F66DE7 /* HdataBaseTests */,
				B206D76F1C819EEA00F66DE7 /* HdataBaseUITests */,
			);
		};
/* End PBXProject section */

/* Begin PBXResourcesBuildPhase section */
		B206D74A1C819EE900F66DE7 /* Resources */ = {
			isa = PBXResourcesBuildPhase;
			buildActionMask = 2147483647;
			files = (
				B206D75F1C819EEA00F66DE7 /* LaunchScreen.storyboard in Resources */,
				B206D75C1C819EEA00F66DE7 /* Assets.xcassets in Resources */,
				B206D7961C81A48500F66DE7 /* propertyViewControoler.xib in Resources */,
				B206D75A1C819EEA00F66DE7 /* Main.storyboard in Resources */,
			);
			runOnlyForDeploymentPostprocessing = 0;
		};
		B206D7631C819EEA00F66DE7 /* Resources */ = {
			isa = PBXResourcesBuildPhase;
			buildActionMask = 2147483647;
			files = (
			);
			runOnlyForDeploymentPostprocessing = 0;
		};
		B206D76E1C819EEA00F66DE7 /* Resources */ = {
			isa = PBXResourcesBuildPhase;
			buildActionMask = 2147483647;
			files = (
			);
			runOnlyForDeploymentPostprocessing = 0;
		};
/* End PBXResourcesBuildPhase section */

/* Begin PBXShellScriptBuildPhase section */
		4FD0EE01B4D59CF8F391F20C /* Embed Pods Frameworks */ = {
			isa = PBXShellScriptBuildPhase;
			buildActionMask = 2147483647;
			files = (
			);
			inputPaths = (
			);
			name = "Embed Pods Frameworks";
			outputPaths = (
			);
			runOnlyForDeploymentPostprocessing = 0;
			shellPath = /bin/sh;
			shellScript = "\"${SRCROOT}/Pods/Target Support Files/Pods/Pods-frameworks.sh\"\n";
			showEnvVarsInLog = 0;
		};
		9895F811CB4DD3CF10D1E0C7 /* Copy Pods Resources */ = {
			isa = PBXShellScriptBuildPhase;
			buildActionMask = 2147483647;
			files = (
			);
			inputPaths = (
			);
			name = "Copy Pods Resources";
			outputPaths = (
			);
			runOnlyForDeploymentPostprocessing = 0;
			shellPath = /bin/sh;
			shellScript = "\"${SRCROOT}/Pods/Target Support Files/Pods/Pods-resources.sh\"\n";
			showEnvVarsInLog = 0;
		};
		DE6395195423952530F23C79 /* Check Pods Manifest.lock */ = {
			isa = PBXShellScriptBuildPhase;
			buildActionMask = 2147483647;
			files = (
			);
			inputPaths = (
			);
			name = "Check Pods Manifest.lock";
			outputPaths = (
			);
			runOnlyForDeploymentPostprocessing = 0;
			shellPath = /bin/sh;
			shellScript = "diff \"${PODS_ROOT}/../Podfile.lock\" \"${PODS_ROOT}/Manifest.lock\" > /dev/null\nif [[ $? != 0 ]] ; then\n    cat << EOM\nerror: The sandbox is not in sync with the Podfile.lock. Run 'pod install' or update your CocoaPods installation.\nEOM\n    exit 1\nfi\n";
			showEnvVarsInLog = 0;
		};
/* End PBXShellScriptBuildPhase section */

/* Begin PBXSourcesBuildPhase section */
		B206D7481C819EE900F66DE7 /* Sources */ = {
			isa = PBXSourcesBuildPhase;
			buildActionMask = 2147483647;
			files = (
				B206D7941C81A45A00F66DE7 /* propertyViewControoler.m in Sources */,
				DB196E381EA9EDAB002C0622 /* IDProperty.m in Sources */,
				DB196E3A1EA9EDAB002C0622 /* Property.m in Sources */,
				DB196E3E1EA9EDAB002C0622 /* TargetProperty.m in Sources */,
				DB196E321EA9EDAB002C0622 /* IvarInfomation.m in Sources */,
				DB196E3B1EA9EDAB002C0622 /* PropertyFactory.m in Sources */,
				DB196E371EA9EDAB002C0622 /* GeneralProperty.m in Sources */,
				DB196E2C1EA9EDAB002C0622 /* NSMutableAttributedString+class.m in Sources */,
				B206D7911C81A2B900F66DE7 /* student.m in Sources */,
				B206D7571C819EEA00F66DE7 /* ViewController.m in Sources */,
				DB196E2A1EA9EDAB002C0622 /* NSArray+class.m in Sources */,
				DB196E2B1EA9EDAB002C0622 /* NSMutableArray+class.m in Sources */,
				DB196E331EA9EDAB002C0622 /* NSObject+Base.m in Sources */,
				B206D7991C81AA1E00F66DE7 /* resultTableViewController.m in Sources */,
				DB196E2F1EA9EDAB002C0622 /* NSString+class.m in Sources */,
				DB196E391EA9EDAB002C0622 /* NumberProperty.m in Sources */,
				DB196E2D1EA9EDAB002C0622 /* NSMutableString+class.m in Sources */,
				DB196E341EA9EDAB002C0622 /* DBBaseTarget.m in Sources */,
				DB196E311EA9EDAB002C0622 /* DBManager.m in Sources */,
				DB196E301EA9EDAB002C0622 /* DataBaseConnect.m in Sources */,
				B206D7541C819EEA00F66DE7 /* AppDelegate.m in Sources */,
				B206D7511C819EEA00F66DE7 /* main.m in Sources */,
				DB196E2E1EA9EDAB002C0622 /* NSNumber+class.m in Sources */,
				DB196E361EA9EDAB002C0622 /* ClassProperty.m in Sources */,
				DB196E351EA9EDAB002C0622 /* ArrayProperty.m in Sources */,
				DB196E3D1EA9EDAB002C0622 /* StructProperty.m in Sources */,
				DB02592A1D196FE100F6785B /* teacher.m in Sources */,
				DB196E3C1EA9EDAB002C0622 /* SELProperty.m in Sources */,
			);
			runOnlyForDeploymentPostprocessing = 0;
		};
		B206D7611C819EEA00F66DE7 /* Sources */ = {
			isa = PBXSourcesBuildPhase;
			buildActionMask = 2147483647;
			files = (
				B206D76A1C819EEA00F66DE7 /* HdataBaseTests.m in Sources */,
			);
			runOnlyForDeploymentPostprocessing = 0;
		};
		B206D76C1C819EEA00F66DE7 /* Sources */ = {
			isa = PBXSourcesBuildPhase;
			buildActionMask = 2147483647;
			files = (
				B206D7751C819EEA00F66DE7 /* HdataBaseUITests.m in Sources */,
			);
			runOnlyForDeploymentPostprocessing = 0;
		};
/* End PBXSourcesBuildPhase section */

/* Begin PBXTargetDependency section */
		B206D7671C819EEA00F66DE7 /* PBXTargetDependency */ = {
			isa = PBXTargetDependency;
			target = B206D74B1C819EE900F66DE7 /* HdataBase */;
			targetProxy = B206D7661C819EEA00F66DE7 /* PBXContainerItemProxy */;
		};
		B206D7721C819EEA00F66DE7 /* PBXTargetDependency */ = {
			isa = PBXTargetDependency;
			target = B206D74B1C819EE900F66DE7 /* HdataBase */;
			targetProxy = B206D7711C819EEA00F66DE7 /* PBXContainerItemProxy */;
		};
/* End PBXTargetDependency section */

/* Begin PBXVariantGroup section */
		B206D7581C819EEA00F66DE7 /* Main.storyboard */ = {
			isa = PBXVariantGroup;
			children = (
				B206D7591C819EEA00F66DE7 /* Base */,
			);
			name = Main.storyboard;
			sourceTree = "<group>";
		};
		B206D75D1C819EEA00F66DE7 /* LaunchScreen.storyboard */ = {
			isa = PBXVariantGroup;
			children = (
				B206D75E1C819EEA00F66DE7 /* Base */,
			);
			name = LaunchScreen.storyboard;
			sourceTree = "<group>";
		};
/* End PBXVariantGroup section */

/* Begin XCBuildConfiguration section */
		B206D7771C819EEA00F66DE7 /* Debug */ = {
			isa = XCBuildConfiguration;
			buildSettings = {
				ALWAYS_SEARCH_USER_PATHS = NO;
				CLANG_CXX_LANGUAGE_STANDARD = "gnu++0x";
				CLANG_CXX_LIBRARY = "libc++";
				CLANG_ENABLE_MODULES = YES;
				CLANG_ENABLE_OBJC_ARC = YES;
				CLANG_WARN_BOOL_CONVERSION = YES;
				CLANG_WARN_CONSTANT_CONVERSION = YES;
				CLANG_WARN_DIRECT_OBJC_ISA_USAGE = YES_ERROR;
				CLANG_WARN_EMPTY_BODY = YES;
				CLANG_WARN_ENUM_CONVERSION = YES;
				CLANG_WARN_INT_CONVERSION = YES;
				CLANG_WARN_OBJC_ROOT_CLASS = YES_ERROR;
				CLANG_WARN_UNREACHABLE_CODE = YES;
				CLANG_WARN__DUPLICATE_METHOD_MATCH = YES;
				"CODE_SIGN_IDENTITY[sdk=iphoneos*]" = "iPhone Developer";
				COPY_PHASE_STRIP = NO;
				DEBUG_INFORMATION_FORMAT = dwarf;
				ENABLE_STRICT_OBJC_MSGSEND = YES;
				ENABLE_TESTABILITY = YES;
				GCC_C_LANGUAGE_STANDARD = gnu99;
				GCC_DYNAMIC_NO_PIC = NO;
				GCC_NO_COMMON_BLOCKS = YES;
				GCC_OPTIMIZATION_LEVEL = 0;
				GCC_PREPROCESSOR_DEFINITIONS = (
					"DEBUG=1",
					"$(inherited)",
				);
				GCC_WARN_64_TO_32_BIT_CONVERSION = YES;
				GCC_WARN_ABOUT_RETURN_TYPE = YES_ERROR;
				GCC_WARN_UNDECLARED_SELECTOR = YES;
				GCC_WARN_UNINITIALIZED_AUTOS = YES_AGGRESSIVE;
				GCC_WARN_UNUSED_FUNCTION = YES;
				GCC_WARN_UNUSED_VARIABLE = YES;
				IPHONEOS_DEPLOYMENT_TARGET = 9.1;
				MTL_ENABLE_DEBUG_INFO = YES;
				ONLY_ACTIVE_ARCH = YES;
				SDKROOT = iphoneos;
			};
			name = Debug;
		};
		B206D7781C819EEA00F66DE7 /* Release */ = {
			isa = XCBuildConfiguration;
			buildSettings = {
				ALWAYS_SEARCH_USER_PATHS = NO;
				CLANG_CXX_LANGUAGE_STANDARD = "gnu++0x";
				CLANG_CXX_LIBRARY = "libc++";
				CLANG_ENABLE_MODULES = YES;
				CLANG_ENABLE_OBJC_ARC = YES;
				CLANG_WARN_BOOL_CONVERSION = YES;
				CLANG_WARN_CONSTANT_CONVERSION = YES;
				CLANG_WARN_DIRECT_OBJC_ISA_USAGE = YES_ERROR;
				CLANG_WARN_EMPTY_BODY = YES;
				CLANG_WARN_ENUM_CONVERSION = YES;
				CLANG_WARN_INT_CONVERSION = YES;
				CLANG_WARN_OBJC_ROOT_CLASS = YES_ERROR;
				CLANG_WARN_UNREACHABLE_CODE = YES;
				CLANG_WARN__DUPLICATE_METHOD_MATCH = YES;
				"CODE_SIGN_IDENTITY[sdk=iphoneos*]" = "iPhone Developer";
				COPY_PHASE_STRIP = NO;
				DEBUG_INFORMATION_FORMAT = "dwarf-with-dsym";
				ENABLE_NS_ASSERTIONS = NO;
				ENABLE_STRICT_OBJC_MSGSEND = YES;
				GCC_C_LANGUAGE_STANDARD = gnu99;
				GCC_NO_COMMON_BLOCKS = YES;
				GCC_WARN_64_TO_32_BIT_CONVERSION = YES;
				GCC_WARN_ABOUT_RETURN_TYPE = YES_ERROR;
				GCC_WARN_UNDECLARED_SELECTOR = YES;
				GCC_WARN_UNINITIALIZED_AUTOS = YES_AGGRESSIVE;
				GCC_WARN_UNUSED_FUNCTION = YES;
				GCC_WARN_UNUSED_VARIABLE = YES;
				IPHONEOS_DEPLOYMENT_TARGET = 9.1;
				MTL_ENABLE_DEBUG_INFO = NO;
				SDKROOT = iphoneos;
				VALIDATE_PRODUCT = YES;
			};
			name = Release;
		};
		B206D77A1C819EEA00F66DE7 /* Debug */ = {
			isa = XCBuildConfiguration;
			baseConfigurationReference = 7B6F547DC1F87277E026EF33 /* Pods.debug.xcconfig */;
			buildSettings = {
				ASSETCATALOG_COMPILER_APPICON_NAME = AppIcon;
				INFOPLIST_FILE = HdataBase/Info.plist;
				LD_RUNPATH_SEARCH_PATHS = "$(inherited) @executable_path/Frameworks";
				PRODUCT_BUNDLE_IDENTIFIER = com.spacecg.HdataBase;
				PRODUCT_NAME = "$(TARGET_NAME)";
			};
			name = Debug;
		};
		B206D77B1C819EEA00F66DE7 /* Release */ = {
			isa = XCBuildConfiguration;
			baseConfigurationReference = 5B7EF3FFCC998DA823D20152 /* Pods.release.xcconfig */;
			buildSettings = {
				ASSETCATALOG_COMPILER_APPICON_NAME = AppIcon;
				INFOPLIST_FILE = HdataBase/Info.plist;
				LD_RUNPATH_SEARCH_PATHS = "$(inherited) @executable_path/Frameworks";
				PRODUCT_BUNDLE_IDENTIFIER = com.spacecg.HdataBase;
				PRODUCT_NAME = "$(TARGET_NAME)";
			};
			name = Release;
		};
		B206D77D1C819EEA00F66DE7 /* Debug */ = {
			isa = XCBuildConfiguration;
			buildSettings = {
				BUNDLE_LOADER = "$(TEST_HOST)";
				INFOPLIST_FILE = HdataBaseTests/Info.plist;
				LD_RUNPATH_SEARCH_PATHS = "$(inherited) @executable_path/Frameworks @loader_path/Frameworks";
				PRODUCT_BUNDLE_IDENTIFIER = com.spacecg.HdataBaseTests;
				PRODUCT_NAME = "$(TARGET_NAME)";
				TEST_HOST = "$(BUILT_PRODUCTS_DIR)/HdataBase.app/HdataBase";
			};
			name = Debug;
		};
		B206D77E1C819EEA00F66DE7 /* Release */ = {
			isa = XCBuildConfiguration;
			buildSettings = {
				BUNDLE_LOADER = "$(TEST_HOST)";
				INFOPLIST_FILE = HdataBaseTests/Info.plist;
				LD_RUNPATH_SEARCH_PATHS = "$(inherited) @executable_path/Frameworks @loader_path/Frameworks";
				PRODUCT_BUNDLE_IDENTIFIER = com.spacecg.HdataBaseTests;
				PRODUCT_NAME = "$(TARGET_NAME)";
				TEST_HOST = "$(BUILT_PRODUCTS_DIR)/HdataBase.app/HdataBase";
			};
			name = Release;
		};
		B206D7801C819EEA00F66DE7 /* Debug */ = {
			isa = XCBuildConfiguration;
			buildSettings = {
				INFOPLIST_FILE = HdataBaseUITests/Info.plist;
				LD_RUNPATH_SEARCH_PATHS = "$(inherited) @executable_path/Frameworks @loader_path/Frameworks";
				PRODUCT_BUNDLE_IDENTIFIER = com.spacecg.HdataBaseUITests;
				PRODUCT_NAME = "$(TARGET_NAME)";
				TEST_TARGET_NAME = HdataBase;
				USES_XCTRUNNER = YES;
			};
			name = Debug;
		};
		B206D7811C819EEA00F66DE7 /* Release */ = {
			isa = XCBuildConfiguration;
			buildSettings = {
				INFOPLIST_FILE = HdataBaseUITests/Info.plist;
				LD_RUNPATH_SEARCH_PATHS = "$(inherited) @executable_path/Frameworks @loader_path/Frameworks";
				PRODUCT_BUNDLE_IDENTIFIER = com.spacecg.HdataBaseUITests;
				PRODUCT_NAME = "$(TARGET_NAME)";
				TEST_TARGET_NAME = HdataBase;
				USES_XCTRUNNER = YES;
			};
			name = Release;
		};
/* End XCBuildConfiguration section */

/* Begin XCConfigurationList section */
		B206D7471C819EE900F66DE7 /* Build configuration list for PBXProject "HdataBase" */ = {
			isa = XCConfigurationList;
			buildConfigurations = (
				B206D7771C819EEA00F66DE7 /* Debug */,
				B206D7781C819EEA00F66DE7 /* Release */,
			);
			defaultConfigurationIsVisible = 0;
			defaultConfigurationName = Release;
		};
		B206D7791C819EEA00F66DE7 /* Build configuration list for PBXNativeTarget "HdataBase" */ = {
			isa = XCConfigurationList;
			buildConfigurations = (
				B206D77A1C819EEA00F66DE7 /* Debug */,
				B206D77B1C819EEA00F66DE7 /* Release */,
			);
			defaultConfigurationIsVisible = 0;
			defaultConfigurationName = Release;
		};
		B206D77C1C819EEA00F66DE7 /* Build configuration list for PBXNativeTarget "HdataBaseTests" */ = {
			isa = XCConfigurationList;
			buildConfigurations = (
				B206D77D1C819EEA00F66DE7 /* Debug */,
				B206D77E1C819EEA00F66DE7 /* Release */,
			);
			defaultConfigurationIsVisible = 0;
			defaultConfigurationName = Release;
		};
		B206D77F1C819EEA00F66DE7 /* Build configuration list for PBXNativeTarget "HdataBaseUITests" */ = {
			isa = XCConfigurationList;
			buildConfigurations = (
				B206D7801C819EEA00F66DE7 /* Debug */,
				B206D7811C819EEA00F66DE7 /* Release */,
			);
			defaultConfigurationIsVisible = 0;
			defaultConfigurationName = Release;
		};
/* End XCConfigurationList section */
	};
	rootObject = B206D7441C819EE900F66DE7 /* Project object */;
}
